// !$*UTF8*$!
{
	archiveVersion = 1;
	classes = {
	};
	objectVersion = 46;
	objects = {

/* Begin PBXBuildFile section */
		2F1474751F8B7BF30017151B /* TestEngineSlidingViewController.swift in Sources */ = {isa = PBXBuildFile; fileRef = 2F1474741F8B7BF30017151B /* TestEngineSlidingViewController.swift */; };
		2F1474791F8B898F0017151B /* QuestionListViewController.swift in Sources */ = {isa = PBXBuildFile; fileRef = 2F1474781F8B898F0017151B /* QuestionListViewController.swift */; };
		2F26ADE61E8249D70031E6F4 /* AppDelegate.swift in Sources */ = {isa = PBXBuildFile; fileRef = 2F26ADE51E8249D70031E6F4 /* AppDelegate.swift */; };
		2F26ADEB1E8249D70031E6F4 /* Main.storyboard in Resources */ = {isa = PBXBuildFile; fileRef = 2F26ADE91E8249D70031E6F4 /* Main.storyboard */; };
		2F26ADED1E8249D70031E6F4 /* Assets.xcassets in Resources */ = {isa = PBXBuildFile; fileRef = 2F26ADEC1E8249D70031E6F4 /* Assets.xcassets */; };
		2F26ADFB1E8249D70031E6F4 /* ios_appTests.swift in Sources */ = {isa = PBXBuildFile; fileRef = 2F26ADFA1E8249D70031E6F4 /* ios_appTests.swift */; };
		2F2866F81FD6BD5800FC6BAA /* PostCreationViewController.swift in Sources */ = {isa = PBXBuildFile; fileRef = 2F2866F71FD6BD5800FC6BAA /* PostCreationViewController.swift */; };
		2F2866FA1FD6C1D600FC6BAA /* UITextViewExtension.swift in Sources */ = {isa = PBXBuildFile; fileRef = 2F2866F91FD6C1D600FC6BAA /* UITextViewExtension.swift */; };
		2F2A41C01FD6ACE900B92C6D /* PostsViewController.swift in Sources */ = {isa = PBXBuildFile; fileRef = 2F2A41BF1FD6ACE900B92C6D /* PostsViewController.swift */; };
		2F3550901F9E12D2001964D6 /* BaseQuestionsSlidingViewController.swift in Sources */ = {isa = PBXBuildFile; fileRef = 2F35508F1F9E12D2001964D6 /* BaseQuestionsSlidingViewController.swift */; };
		2F3550921F9E39A9001964D6 /* ReviewSlidingViewController.swift in Sources */ = {isa = PBXBuildFile; fileRef = 2F3550911F9E39A9001964D6 /* ReviewSlidingViewController.swift */; };
		2F3A142F1FE0EEED007CEE84 /* LUExpandableTableView.framework in Frameworks */ = {isa = PBXBuildFile; fileRef = 2F3A142E1FE0EEED007CEE84 /* LUExpandableTableView.framework */; };
		2F3A14311FE0FF63007CEE84 /* TimeAnalyticsHeaderViewCell.xib in Resources */ = {isa = PBXBuildFile; fileRef = 2F3A14301FE0FF63007CEE84 /* TimeAnalyticsHeaderViewCell.xib */; };
		2F3A14331FE15E98007CEE84 /* ActivityFeed.swift in Sources */ = {isa = PBXBuildFile; fileRef = 2F3A14321FE15E97007CEE84 /* ActivityFeed.swift */; };
		2F3A52FF1FDA635500C64123 /* IndividualSubjectAnalyticsViewController.swift in Sources */ = {isa = PBXBuildFile; fileRef = 2F3A52FE1FDA635500C64123 /* IndividualSubjectAnalyticsViewController.swift */; };
		2F3A53011FDA652A00C64123 /* Subject.swift in Sources */ = {isa = PBXBuildFile; fileRef = 2F3A53001FDA652A00C64123 /* Subject.swift */; };
		2F3A53031FDA6AE400C64123 /* SubjectPager.swift in Sources */ = {isa = PBXBuildFile; fileRef = 2F3A53021FDA6AE400C64123 /* SubjectPager.swift */; };
		2F3A53051FDA70DE00C64123 /* IndividualSubjectAnalyticsCountCell.swift in Sources */ = {isa = PBXBuildFile; fileRef = 2F3A53041FDA70DE00C64123 /* IndividualSubjectAnalyticsCountCell.swift */; };
		2F3BC8A41FC6A009001A84FF /* ContentExamAttemptsTableViewController.swift in Sources */ = {isa = PBXBuildFile; fileRef = 2F3BC8A31FC6A009001A84FF /* ContentExamAttemptsTableViewController.swift */; };
		2F42BDDB1FE9167700F0DF14 /* UIImageViewExtension.swift in Sources */ = {isa = PBXBuildFile; fileRef = 2F42BDDA1FE9167700F0DF14 /* UIImageViewExtension.swift */; };
		2F48C7F91FCDA1A2009C686C /* progress_loader.css in Resources */ = {isa = PBXBuildFile; fileRef = 2F48C7F81FCD9F18009C686C /* progress_loader.css */; };
		2F48C7FB1FCDA957009C686C /* comments.js in Resources */ = {isa = PBXBuildFile; fileRef = 2F48C7FA1FCDA957009C686C /* comments.js */; };
		2F48C7FD1FCDABDE009C686C /* comments.css in Resources */ = {isa = PBXBuildFile; fileRef = 2F48C7FC1FCDABDE009C686C /* comments.css */; };
		2F48C7FF1FCE9750009C686C /* Comment.swift in Sources */ = {isa = PBXBuildFile; fileRef = 2F48C7FE1FCE9750009C686C /* Comment.swift */; };
		2F48C8011FCE9963009C686C /* ContentObject.swift in Sources */ = {isa = PBXBuildFile; fileRef = 2F48C8001FCE9963009C686C /* ContentObject.swift */; };
		2F48C8031FCE9A37009C686C /* CommentPager.swift in Sources */ = {isa = PBXBuildFile; fileRef = 2F48C8021FCE9A37009C686C /* CommentPager.swift */; };
		2F48C8051FD030A7009C686C /* icomoon in Resources */ = {isa = PBXBuildFile; fileRef = 2F48C8041FD030A7009C686C /* icomoon */; };
		2F48C8071FD13ABD009C686C /* TTGSnackbar.framework in Frameworks */ = {isa = PBXBuildFile; fileRef = 2F48C8061FD13ABC009C686C /* TTGSnackbar.framework */; };
		2F48C80B1FD288C6009C686C /* PostTableViewController.swift in Sources */ = {isa = PBXBuildFile; fileRef = 2F48C80A1FD288C6009C686C /* PostTableViewController.swift */; };
		2F48C80D1FD28902009C686C /* PostTableViewCell.swift in Sources */ = {isa = PBXBuildFile; fileRef = 2F48C80C1FD28902009C686C /* PostTableViewCell.swift */; };
		2F48C80F1FD2899E009C686C /* Post.swift in Sources */ = {isa = PBXBuildFile; fileRef = 2F48C80E1FD2899E009C686C /* Post.swift */; };
		2F48C8111FD28E7A009C686C /* PostPager.swift in Sources */ = {isa = PBXBuildFile; fileRef = 2F48C8101FD28E7A009C686C /* PostPager.swift */; };
		2F48C8131FD3E417009C686C /* Category.swift in Sources */ = {isa = PBXBuildFile; fileRef = 2F48C8121FD3E417009C686C /* Category.swift */; };
		2F48C8161FD3F6BD009C686C /* Post.storyboard in Resources */ = {isa = PBXBuildFile; fileRef = 2F48C8141FD3F6BD009C686C /* Post.storyboard */; };
		2F48C8181FD50E6D009C686C /* PostDetailViewController.swift in Sources */ = {isa = PBXBuildFile; fileRef = 2F48C8171FD50E6D009C686C /* PostDetailViewController.swift */; };
		2F48C81A1FD566B3009C686C /* IQKeyboardManagerSwift.framework in Frameworks */ = {isa = PBXBuildFile; fileRef = 2F48C8191FD566B2009C686C /* IQKeyboardManagerSwift.framework */; };
		2F515DF21FF3B0990005D8A5 /* RichTextEditor.swift in Sources */ = {isa = PBXBuildFile; fileRef = 2F515DF11FF3B0980005D8A5 /* RichTextEditor.swift */; };
		2F515DF51FF3B7B10005D8A5 /* RichTextEditor.html in Resources */ = {isa = PBXBuildFile; fileRef = 2F515DF31FF3B7B10005D8A5 /* RichTextEditor.html */; };
		2F515DF61FF3B7B10005D8A5 /* RichTextEditor.js in Resources */ = {isa = PBXBuildFile; fileRef = 2F515DF41FF3B7B10005D8A5 /* RichTextEditor.js */; };
		2F515DF81FF3B8050005D8A5 /* KeyboardLayoutConstraint.swift in Sources */ = {isa = PBXBuildFile; fileRef = 2F515DF71FF3B8050005D8A5 /* KeyboardLayoutConstraint.swift */; };
		2F515DFA1FF4D12A0005D8A5 /* ImagePicker.swift in Sources */ = {isa = PBXBuildFile; fileRef = 2F515DF91FF4D12A0005D8A5 /* ImagePicker.swift */; };
		2F515DFC1FF4EF9C0005D8A5 /* FileDetails.swift in Sources */ = {isa = PBXBuildFile; fileRef = 2F515DFB1FF4EF9C0005D8A5 /* FileDetails.swift */; };
		2F515DFE1FF517160005D8A5 /* Permissions.swift in Sources */ = {isa = PBXBuildFile; fileRef = 2F515DFD1FF517160005D8A5 /* Permissions.swift */; };
		2F515E001FF572690005D8A5 /* PhotoCropEditor.framework in Frameworks */ = {isa = PBXBuildFile; fileRef = 2F515DFF1FF572690005D8A5 /* PhotoCropEditor.framework */; };
		2F515E021FF61A550005D8A5 /* ImageUploadHelper.swift in Sources */ = {isa = PBXBuildFile; fileRef = 2F515E011FF61A550005D8A5 /* ImageUploadHelper.swift */; };
		2F56B7351FDD252E00E2B240 /* GraphAxisLabelFormatter.swift in Sources */ = {isa = PBXBuildFile; fileRef = 2F56B7341FDD252E00E2B240 /* GraphAxisLabelFormatter.swift */; };
		2F56B7371FDD2F0100E2B240 /* GraphAxisPercentValueFormatter.swift in Sources */ = {isa = PBXBuildFile; fileRef = 2F56B7361FDD2F0100E2B240 /* GraphAxisPercentValueFormatter.swift */; };
		2F56B7391FDD6B5700E2B240 /* IndividualSubjectAnalyticsGraphCell.swift in Sources */ = {isa = PBXBuildFile; fileRef = 2F56B7381FDD6B5700E2B240 /* IndividualSubjectAnalyticsGraphCell.swift */; };
		2F56B73B1FDE8B3900E2B240 /* TimeAnalyticsTableViewController.swift in Sources */ = {isa = PBXBuildFile; fileRef = 2F56B73A1FDE8B3900E2B240 /* TimeAnalyticsTableViewController.swift */; };
		2F56B73D1FDE92CD00E2B240 /* TimeAnalyticsHeaderViewCell.swift in Sources */ = {isa = PBXBuildFile; fileRef = 2F56B73C1FDE92CD00E2B240 /* TimeAnalyticsHeaderViewCell.swift */; };
		2F56B73F1FDEADB000E2B240 /* TimeAnalyticsQuestionCell.swift in Sources */ = {isa = PBXBuildFile; fileRef = 2F56B73E1FDEADB000E2B240 /* TimeAnalyticsQuestionCell.swift */; };
		2F5E0BB51FE2415800236AFE /* ActivityFeedPager.swift in Sources */ = {isa = PBXBuildFile; fileRef = 2F5E0BB41FE2415800236AFE /* ActivityFeedPager.swift */; };
		2F5E0BB71FE2444E00236AFE /* ActivityFeedTableViewController.swift in Sources */ = {isa = PBXBuildFile; fileRef = 2F5E0BB61FE2444E00236AFE /* ActivityFeedTableViewController.swift */; };
		2F5E0BB91FE2452D00236AFE /* ActivityFeedTableViewCell.swift in Sources */ = {isa = PBXBuildFile; fileRef = 2F5E0BB81FE2452D00236AFE /* ActivityFeedTableViewCell.swift */; };
		2F5E0BBB1FE2871900236AFE /* ContentAttempt.swift in Sources */ = {isa = PBXBuildFile; fileRef = 2F5E0BBA1FE2871900236AFE /* ContentAttempt.swift */; };
		2F6F167B1FC3F08900FB768C /* typebase.css in Resources */ = {isa = PBXBuildFile; fileRef = 2F6F167A1FC3F08900FB768C /* typebase.css */; };
		2F6F167D1FC3FE0200FB768C /* HtmlContent.swift in Sources */ = {isa = PBXBuildFile; fileRef = 2F6F167C1FC3FE0200FB768C /* HtmlContent.swift */; };
		2F6F167F1FC4164100FB768C /* Reachability.swift in Sources */ = {isa = PBXBuildFile; fileRef = 2F6F167E1FC4164100FB768C /* Reachability.swift */; };
		2F70F4D71F9F1C3300D30755 /* BaseQuestionsListViewController.swift in Sources */ = {isa = PBXBuildFile; fileRef = 2F70F4D61F9F1C3300D30755 /* BaseQuestionsListViewController.swift */; };
		2F70F4D91F9F1F8200D30755 /* ReviewQuestionListViewController.swift in Sources */ = {isa = PBXBuildFile; fileRef = 2F70F4D81F9F1F8200D30755 /* ReviewQuestionListViewController.swift */; };
		2F7179561EC740C6009114C4 /* ExamReview.storyboard in Resources */ = {isa = PBXBuildFile; fileRef = 2F7179521EC740C6009114C4 /* ExamReview.storyboard */; };
		2F7179571EC740C6009114C4 /* TestEngine.storyboard in Resources */ = {isa = PBXBuildFile; fileRef = 2F7179541EC740C6009114C4 /* TestEngine.storyboard */; };
		2F763CFC1FBD79F60033D495 /* CoursesTableViewController.swift in Sources */ = {isa = PBXBuildFile; fileRef = 2F763CFB1FBD79F60033D495 /* CoursesTableViewController.swift */; };
		2F763CFE1FBD7AE40033D495 /* Course.swift in Sources */ = {isa = PBXBuildFile; fileRef = 2F763CFD1FBD7AE40033D495 /* Course.swift */; };
		2F763CFF1FBD83340033D495 /* Alamofire.framework in Frameworks */ = {isa = PBXBuildFile; fileRef = 2FBEDB7B1E82BBD5000CF05C /* Alamofire.framework */; };
		2F763D001FBD83340033D495 /* Device.framework in Frameworks */ = {isa = PBXBuildFile; fileRef = 2FC0F31E1F866BC30092BFDC /* Device.framework */; };
		2F763D011FBD83340033D495 /* Kingfisher.framework in Frameworks */ = {isa = PBXBuildFile; fileRef = 2F3817FA1EC35EDE00B3813E /* Kingfisher.framework */; };
		2F763D021FBD83340033D495 /* ObjectMapper.framework in Frameworks */ = {isa = PBXBuildFile; fileRef = 2FBEDB7D1E82BC02000CF05C /* ObjectMapper.framework */; };
		2F763D031FBD83340033D495 /* SlideMenuControllerSwift.framework in Frameworks */ = {isa = PBXBuildFile; fileRef = 2F1474701F8B73FF0017151B /* SlideMenuControllerSwift.framework */; };
		2F763D041FBD83340033D495 /* XLPagerTabStrip.framework in Frameworks */ = {isa = PBXBuildFile; fileRef = 2F2CA1DA1EBDC59300ED1C99 /* XLPagerTabStrip.framework */; };
		2F763D061FBDA89C0033D495 /* CoursePager.swift in Sources */ = {isa = PBXBuildFile; fileRef = 2F763D051FBDA89C0033D495 /* CoursePager.swift */; };
		2F763D081FBDB4D30033D495 /* CourseTableViewCell.swift in Sources */ = {isa = PBXBuildFile; fileRef = 2F763D071FBDB4D30033D495 /* CourseTableViewCell.swift */; };
		2F763D0B1FBEC7260033D495 /* ChapterContent.storyboard in Resources */ = {isa = PBXBuildFile; fileRef = 2F763D091FBEC7260033D495 /* ChapterContent.storyboard */; };
		2F763D0D1FBEC91D0033D495 /* ChaptersViewController.swift in Sources */ = {isa = PBXBuildFile; fileRef = 2F763D0C1FBEC91D0033D495 /* ChaptersViewController.swift */; };
		2F763D0F1FBECBBC0033D495 /* Chapter.swift in Sources */ = {isa = PBXBuildFile; fileRef = 2F763D0E1FBECBBC0033D495 /* Chapter.swift */; };
		2F763D111FBECFD30033D495 /* ChapterPager.swift in Sources */ = {isa = PBXBuildFile; fileRef = 2F763D101FBECFD30033D495 /* ChapterPager.swift */; };
		2F763D131FBEE8080033D495 /* ChapterCollectionViewCell.swift in Sources */ = {isa = PBXBuildFile; fileRef = 2F763D121FBEE8080033D495 /* ChapterCollectionViewCell.swift */; };
		2F936E7E1FDAC128008C353A /* SubjectAnalyticsTabViewController.swift in Sources */ = {isa = PBXBuildFile; fileRef = 2F936E7D1FDAC128008C353A /* SubjectAnalyticsTabViewController.swift */; };
		2F936E801FDAD2B0008C353A /* OverallSubjectAnalyticsViewController.swift in Sources */ = {isa = PBXBuildFile; fileRef = 2F936E7F1FDAD2B0008C353A /* OverallSubjectAnalyticsViewController.swift */; };
		2F936E821FDAD376008C353A /* Charts.framework in Frameworks */ = {isa = PBXBuildFile; fileRef = 2F936E811FDAD376008C353A /* Charts.framework */; };
		2F9699781FC2A202001B2B18 /* ContentsTableViewController.swift in Sources */ = {isa = PBXBuildFile; fileRef = 2F9699771FC2A202001B2B18 /* ContentsTableViewController.swift */; };
		2F96997A1FC2A22A001B2B18 /* Content.swift in Sources */ = {isa = PBXBuildFile; fileRef = 2F9699791FC2A22A001B2B18 /* Content.swift */; };
		2F96997C1FC2A625001B2B18 /* Video.swift in Sources */ = {isa = PBXBuildFile; fileRef = 2F96997B1FC2A625001B2B18 /* Video.swift */; };
		2F96997E1FC2A761001B2B18 /* Attachment.swift in Sources */ = {isa = PBXBuildFile; fileRef = 2F96997D1FC2A761001B2B18 /* Attachment.swift */; };
		2F9699801FC2A8E0001B2B18 /* ContentPager.swift in Sources */ = {isa = PBXBuildFile; fileRef = 2F96997F1FC2A8E0001B2B18 /* ContentPager.swift */; };
		2F9699821FC2AC20001B2B18 /* ContentsTableViewCell.swift in Sources */ = {isa = PBXBuildFile; fileRef = 2F9699811FC2AC20001B2B18 /* ContentsTableViewCell.swift */; };
		2F9778A81FEB81BA00ADBBE2 /* TrophiesAchievedViewController.swift in Sources */ = {isa = PBXBuildFile; fileRef = 2F9778A71FEB81BA00ADBBE2 /* TrophiesAchievedViewController.swift */; };
		2F9B5E171FC54AFC00D67100 /* AttachmentDetailViewController.swift in Sources */ = {isa = PBXBuildFile; fileRef = 2F9B5E161FC54AFC00D67100 /* AttachmentDetailViewController.swift */; };
		2FB049B31FD7D3EB0049D5B0 /* MainMenuTabViewController.swift in Sources */ = {isa = PBXBuildFile; fileRef = 2FB049B21FD7D3EB0049D5B0 /* MainMenuTabViewController.swift */; };
		2FB049B51FD7D5E50049D5B0 /* ForumTableViewController.swift in Sources */ = {isa = PBXBuildFile; fileRef = 2FB049B41FD7D5E50049D5B0 /* ForumTableViewController.swift */; };
		2FB049BB1FD838860049D5B0 /* post.css in Resources */ = {isa = PBXBuildFile; fileRef = 2FB049BA1FD838860049D5B0 /* post.css */; };
		2FB049BD1FD839EB0049D5B0 /* ForumTableViewCell.swift in Sources */ = {isa = PBXBuildFile; fileRef = 2FB049BC1FD839EB0049D5B0 /* ForumTableViewCell.swift */; };
		2FC0F2DC1F863AB70092BFDC /* Colors.swift in Sources */ = {isa = PBXBuildFile; fileRef = 2FC0F2DA1F863AAF0092BFDC /* Colors.swift */; };
		2FC0F2DD1F863ABA0092BFDC /* Images.swift in Sources */ = {isa = PBXBuildFile; fileRef = 2FC0F2DB1F863AAF0092BFDC /* Images.swift */; };
		2FC0F2DE1F863ACA0092BFDC /* Attempt.swift in Sources */ = {isa = PBXBuildFile; fileRef = 2FC0F2C31F86385B0092BFDC /* Attempt.swift */; };
		2FC0F2DF1F863ACD0092BFDC /* AttemptAnswer.swift in Sources */ = {isa = PBXBuildFile; fileRef = 2FC0F2C41F86385B0092BFDC /* AttemptAnswer.swift */; };
		2FC0F2E01F863AD00092BFDC /* AttemptQuestion.swift in Sources */ = {isa = PBXBuildFile; fileRef = 2FC0F2C61F86385B0092BFDC /* AttemptQuestion.swift */; };
		2FC0F2E11F863AD30092BFDC /* AttemptItem.swift in Sources */ = {isa = PBXBuildFile; fileRef = 2FC0F2C51F86385B0092BFDC /* AttemptItem.swift */; };
		2FC0F2E21F863AD70092BFDC /* Exam.swift in Sources */ = {isa = PBXBuildFile; fileRef = 2FC0F2C71F86385B0092BFDC /* Exam.swift */; };
		2FC0F2E31F863ADA0092BFDC /* RegistrationError.swift in Sources */ = {isa = PBXBuildFile; fileRef = 2FC0F2C81F86385B0092BFDC /* RegistrationError.swift */; };
		2FC0F2E41F863ADC0092BFDC /* TPApiResponse.swift in Sources */ = {isa = PBXBuildFile; fileRef = 2FC0F2C91F86385B0092BFDC /* TPApiResponse.swift */; };
		2FC0F2E51F863AE00092BFDC /* TPAuthToken.swift in Sources */ = {isa = PBXBuildFile; fileRef = 2FC0F2CA1F86385B0092BFDC /* TPAuthToken.swift */; };
		2FC0F2E61F863AE30092BFDC /* TPError.swift in Sources */ = {isa = PBXBuildFile; fileRef = 2FC0F2CB1F86385B0092BFDC /* TPError.swift */; };
		2FC0F2E71F863AE50092BFDC /* TPModelMapper.swift in Sources */ = {isa = PBXBuildFile; fileRef = 2FC0F2CC1F86385B0092BFDC /* TPModelMapper.swift */; };
		2FC0F2E81F863AE80092BFDC /* User.swift in Sources */ = {isa = PBXBuildFile; fileRef = 2FC0F2CD1F86385B0092BFDC /* User.swift */; };
		2FC0F2EF1F863B110092BFDC /* ExamPager.swift in Sources */ = {isa = PBXBuildFile; fileRef = 2FC0F2EB1F863B080092BFDC /* ExamPager.swift */; };
		2FC0F2F01F863B130092BFDC /* AttemptPager.swift in Sources */ = {isa = PBXBuildFile; fileRef = 2FC0F2EA1F863B080092BFDC /* AttemptPager.swift */; };
		2FC0F2F11F863B160092BFDC /* TPApiClient.swift in Sources */ = {isa = PBXBuildFile; fileRef = 2FC0F2EC1F863B080092BFDC /* TPApiClient.swift */; };
		2FC0F2F21F863B190092BFDC /* TPBasePager.swift in Sources */ = {isa = PBXBuildFile; fileRef = 2FC0F2ED1F863B080092BFDC /* TPBasePager.swift */; };
		2FC0F2F31F863B1B0092BFDC /* TPEndpoint.swift in Sources */ = {isa = PBXBuildFile; fileRef = 2FC0F2EE1F863B080092BFDC /* TPEndpoint.swift */; };
		2FC0F2F41F863B280092BFDC /* Constants.swift in Sources */ = {isa = PBXBuildFile; fileRef = 2FC0F27D1F861A3E0092BFDC /* Constants.swift */; };
		2FC0F2F51F863B2B0092BFDC /* KeychainTokenItem.swift in Sources */ = {isa = PBXBuildFile; fileRef = 2FC0F27E1F861A3E0092BFDC /* KeychainTokenItem.swift */; };
		2FC0F2F61F863B2F0092BFDC /* Strings.swift in Sources */ = {isa = PBXBuildFile; fileRef = 2FC0F27F1F861A3E0092BFDC /* Strings.swift */; };
		2FC0F2F71F863B6D0092BFDC /* UIUtils.swift in Sources */ = {isa = PBXBuildFile; fileRef = 2FC0F2561F8617690092BFDC /* UIUtils.swift */; };
		2FC0F2F81F863B740092BFDC /* LoginViewController.swift in Sources */ = {isa = PBXBuildFile; fileRef = 2FC0F28D1F861A860092BFDC /* LoginViewController.swift */; };
		2FC0F2F91F863B780092BFDC /* AttemptsListViewController.swift in Sources */ = {isa = PBXBuildFile; fileRef = 2FC0F2811F861A860092BFDC /* AttemptsListViewController.swift */; };
		2FC0F2FA1F863B7C0092BFDC /* AttemptsTableViewCell.swift in Sources */ = {isa = PBXBuildFile; fileRef = 2FC0F2821F861A860092BFDC /* AttemptsTableViewCell.swift */; };
		2FC0F2FB1F863B7E0092BFDC /* BaseQuestionsDataSource.swift in Sources */ = {isa = PBXBuildFile; fileRef = 2FC0F2831F861A860092BFDC /* BaseQuestionsDataSource.swift */; };
		2FC0F2FC1F863B810092BFDC /* BaseQuestionsPageViewController.swift in Sources */ = {isa = PBXBuildFile; fileRef = 2FC0F2841F861A860092BFDC /* BaseQuestionsPageViewController.swift */; };
		2FC0F2FD1F863B850092BFDC /* BaseQuestionsViewController.swift in Sources */ = {isa = PBXBuildFile; fileRef = 2FC0F2851F861A860092BFDC /* BaseQuestionsViewController.swift */; };
		2FC0F2FE1F863B890092BFDC /* BaseTextFieldViewController.swift in Sources */ = {isa = PBXBuildFile; fileRef = 2FC0F2861F861A860092BFDC /* BaseTextFieldViewController.swift */; };
		2FC0F2FF1F863B8C0092BFDC /* EmptyView.swift in Sources */ = {isa = PBXBuildFile; fileRef = 2FC0F2871F861A860092BFDC /* EmptyView.swift */; };
		2FC0F3001F863B8F0092BFDC /* ExamsTableViewCell.swift in Sources */ = {isa = PBXBuildFile; fileRef = 2FC0F2891F861A860092BFDC /* ExamsTableViewCell.swift */; };
		2FC0F3011F863B950092BFDC /* EmptyView.xib in Resources */ = {isa = PBXBuildFile; fileRef = 2FC0F2881F861A860092BFDC /* EmptyView.xib */; };
		2FC0F3021F863B980092BFDC /* ExamsTableViewCell.xib in Resources */ = {isa = PBXBuildFile; fileRef = 2FC0F28A1F861A860092BFDC /* ExamsTableViewCell.xib */; };
		2FC0F3031F863B9B0092BFDC /* ExamsTableViewController.swift in Sources */ = {isa = PBXBuildFile; fileRef = 2FC0F28B1F861A860092BFDC /* ExamsTableViewController.swift */; };
		2FC0F3041F863B9E0092BFDC /* ExamsTabViewController.swift in Sources */ = {isa = PBXBuildFile; fileRef = 2FC0F28C1F861A860092BFDC /* ExamsTabViewController.swift */; };
		2FC0F3051F863BA90092BFDC /* MoreOptionsViewController.swift in Sources */ = {isa = PBXBuildFile; fileRef = 2FC0F28E1F861A860092BFDC /* MoreOptionsViewController.swift */; };
		2FC0F3061F863BA90092BFDC /* ProfileViewController.swift in Sources */ = {isa = PBXBuildFile; fileRef = 2FC0F28F1F861A860092BFDC /* ProfileViewController.swift */; };
		2FC0F3071F863BA90092BFDC /* QuestionsControllerSource.swift in Sources */ = {isa = PBXBuildFile; fileRef = 2FC0F2901F861A860092BFDC /* QuestionsControllerSource.swift */; };
		2FC0F3081F863BA90092BFDC /* QuestionsViewController.swift in Sources */ = {isa = PBXBuildFile; fileRef = 2FC0F2911F861A860092BFDC /* QuestionsViewController.swift */; };
		2FC0F3091F863BA90092BFDC /* ReviewQuestionsDataSource.swift in Sources */ = {isa = PBXBuildFile; fileRef = 2FC0F2921F861A860092BFDC /* ReviewQuestionsDataSource.swift */; };
		2FC0F30A1F863BA90092BFDC /* ReviewQuestionsViewController.swift in Sources */ = {isa = PBXBuildFile; fileRef = 2FC0F2931F861A860092BFDC /* ReviewQuestionsViewController.swift */; };
		2FC0F30B1F863BA90092BFDC /* ReviewSolutionsViewController.swift in Sources */ = {isa = PBXBuildFile; fileRef = 2FC0F2941F861A860092BFDC /* ReviewSolutionsViewController.swift */; };
		2FC0F30C1F863BA90092BFDC /* SignUpViewController.swift in Sources */ = {isa = PBXBuildFile; fileRef = 2FC0F2951F861A860092BFDC /* SignUpViewController.swift */; };
		2FC0F30D1F863BA90092BFDC /* StartExamScreenViewController.swift in Sources */ = {isa = PBXBuildFile; fileRef = 2FC0F2961F861A860092BFDC /* StartExamScreenViewController.swift */; };
		2FC0F30E1F863BA90092BFDC /* SuccessViewController.swift in Sources */ = {isa = PBXBuildFile; fileRef = 2FC0F2971F861A860092BFDC /* SuccessViewController.swift */; };
		2FC0F30F1F863BA90092BFDC /* TestEngineViewController.swift in Sources */ = {isa = PBXBuildFile; fileRef = 2FC0F2981F861A860092BFDC /* TestEngineViewController.swift */; };
		2FC0F3101F863BA90092BFDC /* TestReportViewController.swift in Sources */ = {isa = PBXBuildFile; fileRef = 2FC0F2991F861A860092BFDC /* TestReportViewController.swift */; };
		2FC0F3111F863BA90092BFDC /* TPBasePagedTableViewController.swift in Sources */ = {isa = PBXBuildFile; fileRef = 2FC0F29A1F861A860092BFDC /* TPBasePagedTableViewController.swift */; };
		2FC0F3121F863BBD0092BFDC /* CALayerBorderColor.swift in Sources */ = {isa = PBXBuildFile; fileRef = 2FC0F2531F8617690092BFDC /* CALayerBorderColor.swift */; };
		2FC0F3131F863BBD0092BFDC /* FormatDate.swift in Sources */ = {isa = PBXBuildFile; fileRef = 2FC0F2541F8617690092BFDC /* FormatDate.swift */; };
		2FC0F3151F863BBD0092BFDC /* WebViewUtils.swift in Sources */ = {isa = PBXBuildFile; fileRef = 2FC0F2571F8617690092BFDC /* WebViewUtils.swift */; };
		2FC0F3161F863BCE0092BFDC /* MathJaxRender.js in Resources */ = {isa = PBXBuildFile; fileRef = 2FC0F2731F8619220092BFDC /* MathJaxRender.js */; };
		2FC0F3171F863BCE0092BFDC /* PT_Serif-Web-Regular.ttf in Resources */ = {isa = PBXBuildFile; fileRef = 2FC0F2741F8619220092BFDC /* PT_Serif-Web-Regular.ttf */; };
		2FC0F3181F863BCE0092BFDC /* questions_typebase.css in Resources */ = {isa = PBXBuildFile; fileRef = 2FC0F2751F8619220092BFDC /* questions_typebase.css */; };
		2FC0F3191F863BCE0092BFDC /* Rubik-Medium.ttf in Resources */ = {isa = PBXBuildFile; fileRef = 2FC0F2761F8619220092BFDC /* Rubik-Medium.ttf */; };
		2FC0F31A1F863BCE0092BFDC /* Rubik-Regular.ttf in Resources */ = {isa = PBXBuildFile; fileRef = 2FC0F2771F8619220092BFDC /* Rubik-Regular.ttf */; };
		2FC0F31B1F863BCE0092BFDC /* TestEngine.js in Resources */ = {isa = PBXBuildFile; fileRef = 2FC0F2781F8619220092BFDC /* TestEngine.js */; };
		2FC0F31D1F863D780092BFDC /* katex in Resources */ = {isa = PBXBuildFile; fileRef = 2FC0F31C1F863D730092BFDC /* katex */; };
		2FD8465E1FC30B6000D6F016 /* ContentDetailPageViewController.swift in Sources */ = {isa = PBXBuildFile; fileRef = 2FD8465D1FC30B6000D6F016 /* ContentDetailPageViewController.swift */; };
		2FD846601FC30D1900D6F016 /* ContentDetailDataSource.swift in Sources */ = {isa = PBXBuildFile; fileRef = 2FD8465F1FC30D1900D6F016 /* ContentDetailDataSource.swift */; };
		2FD846621FC30E7700D6F016 /* HtmlContentViewController.swift in Sources */ = {isa = PBXBuildFile; fileRef = 2FD846611FC30E7700D6F016 /* HtmlContentViewController.swift */; };
		2FE290701F8CF8E7004D7574 /* BaseWebViewController.swift in Sources */ = {isa = PBXBuildFile; fileRef = 2FE2906F1F8CF8E7004D7574 /* BaseWebViewController.swift */; };
		2FE290721F8D07D0004D7574 /* QuestionListHandler.js in Resources */ = {isa = PBXBuildFile; fileRef = 2FE290711F8D07D0004D7574 /* QuestionListHandler.js */; };
/* End PBXBuildFile section */

/* Begin PBXContainerItemProxy section */
		2F26ADF71E8249D70031E6F4 /* PBXContainerItemProxy */ = {
			isa = PBXContainerItemProxy;
			containerPortal = 2F26ADDA1E8249D70031E6F4 /* Project object */;
			proxyType = 1;
			remoteGlobalIDString = 2F26ADE11E8249D70031E6F4;
			remoteInfo = "ios-app";
		};
/* End PBXContainerItemProxy section */

/* Begin PBXFileReference section */
		2F1474701F8B73FF0017151B /* SlideMenuControllerSwift.framework */ = {isa = PBXFileReference; lastKnownFileType = wrapper.framework; name = SlideMenuControllerSwift.framework; path = Carthage/Build/iOS/SlideMenuControllerSwift.framework; sourceTree = "<group>"; };
		2F1474741F8B7BF30017151B /* TestEngineSlidingViewController.swift */ = {isa = PBXFileReference; lastKnownFileType = sourcecode.swift; path = TestEngineSlidingViewController.swift; sourceTree = "<group>"; };
		2F1474781F8B898F0017151B /* QuestionListViewController.swift */ = {isa = PBXFileReference; lastKnownFileType = sourcecode.swift; path = QuestionListViewController.swift; sourceTree = "<group>"; };
		2F26ADE21E8249D70031E6F4 /* ios-app.app */ = {isa = PBXFileReference; explicitFileType = wrapper.application; includeInIndex = 0; path = "ios-app.app"; sourceTree = BUILT_PRODUCTS_DIR; };
		2F26ADE51E8249D70031E6F4 /* AppDelegate.swift */ = {isa = PBXFileReference; lastKnownFileType = sourcecode.swift; path = AppDelegate.swift; sourceTree = "<group>"; };
		2F26ADEA1E8249D70031E6F4 /* Base */ = {isa = PBXFileReference; lastKnownFileType = file.storyboard; name = Base; path = Base.lproj/Main.storyboard; sourceTree = "<group>"; };
		2F26ADEC1E8249D70031E6F4 /* Assets.xcassets */ = {isa = PBXFileReference; lastKnownFileType = folder.assetcatalog; path = Assets.xcassets; sourceTree = "<group>"; };
		2F26ADF11E8249D70031E6F4 /* Info.plist */ = {isa = PBXFileReference; lastKnownFileType = text.plist.xml; path = Info.plist; sourceTree = "<group>"; };
		2F26ADF61E8249D70031E6F4 /* ios-appTests.xctest */ = {isa = PBXFileReference; explicitFileType = wrapper.cfbundle; includeInIndex = 0; path = "ios-appTests.xctest"; sourceTree = BUILT_PRODUCTS_DIR; };
		2F26ADFA1E8249D70031E6F4 /* ios_appTests.swift */ = {isa = PBXFileReference; lastKnownFileType = sourcecode.swift; path = ios_appTests.swift; sourceTree = "<group>"; };
		2F26ADFC1E8249D70031E6F4 /* Info.plist */ = {isa = PBXFileReference; lastKnownFileType = text.plist.xml; path = Info.plist; sourceTree = "<group>"; };
		2F2866F71FD6BD5800FC6BAA /* PostCreationViewController.swift */ = {isa = PBXFileReference; lastKnownFileType = sourcecode.swift; path = PostCreationViewController.swift; sourceTree = "<group>"; };
		2F2866F91FD6C1D600FC6BAA /* UITextViewExtension.swift */ = {isa = PBXFileReference; lastKnownFileType = sourcecode.swift; path = UITextViewExtension.swift; sourceTree = "<group>"; };
		2F29437B1FDFE50600E45F07 /* ExpandableCell.framework.dSYM */ = {isa = PBXFileReference; lastKnownFileType = wrapper.dsym; name = ExpandableCell.framework.dSYM; path = Carthage/Build/iOS/ExpandableCell.framework.dSYM; sourceTree = "<group>"; };
		2F29437D1FDFE51600E45F07 /* ExpandableCell.framework */ = {isa = PBXFileReference; lastKnownFileType = wrapper.framework; name = ExpandableCell.framework; path = Carthage/Build/iOS/ExpandableCell.framework; sourceTree = "<group>"; };
		2F2A41BF1FD6ACE900B92C6D /* PostsViewController.swift */ = {isa = PBXFileReference; lastKnownFileType = sourcecode.swift; path = PostsViewController.swift; sourceTree = "<group>"; };
		2F2CA1DA1EBDC59300ED1C99 /* XLPagerTabStrip.framework */ = {isa = PBXFileReference; lastKnownFileType = wrapper.framework; name = XLPagerTabStrip.framework; path = Carthage/Build/iOS/XLPagerTabStrip.framework; sourceTree = "<group>"; };
		2F35508F1F9E12D2001964D6 /* BaseQuestionsSlidingViewController.swift */ = {isa = PBXFileReference; lastKnownFileType = sourcecode.swift; path = BaseQuestionsSlidingViewController.swift; sourceTree = "<group>"; };
		2F3550911F9E39A9001964D6 /* ReviewSlidingViewController.swift */ = {isa = PBXFileReference; lastKnownFileType = sourcecode.swift; path = ReviewSlidingViewController.swift; sourceTree = "<group>"; };
		2F3817FA1EC35EDE00B3813E /* Kingfisher.framework */ = {isa = PBXFileReference; lastKnownFileType = wrapper.framework; name = Kingfisher.framework; path = Carthage/Build/iOS/Kingfisher.framework; sourceTree = "<group>"; };
		2F3A142E1FE0EEED007CEE84 /* LUExpandableTableView.framework */ = {isa = PBXFileReference; lastKnownFileType = wrapper.framework; name = LUExpandableTableView.framework; path = Carthage/Build/iOS/LUExpandableTableView.framework; sourceTree = "<group>"; };
		2F3A14301FE0FF63007CEE84 /* TimeAnalyticsHeaderViewCell.xib */ = {isa = PBXFileReference; lastKnownFileType = file.xib; path = TimeAnalyticsHeaderViewCell.xib; sourceTree = "<group>"; };
		2F3A14321FE15E97007CEE84 /* ActivityFeed.swift */ = {isa = PBXFileReference; lastKnownFileType = sourcecode.swift; path = ActivityFeed.swift; sourceTree = "<group>"; };
		2F3A52FE1FDA635500C64123 /* IndividualSubjectAnalyticsViewController.swift */ = {isa = PBXFileReference; lastKnownFileType = sourcecode.swift; path = IndividualSubjectAnalyticsViewController.swift; sourceTree = "<group>"; };
		2F3A53001FDA652A00C64123 /* Subject.swift */ = {isa = PBXFileReference; lastKnownFileType = sourcecode.swift; path = Subject.swift; sourceTree = "<group>"; };
		2F3A53021FDA6AE400C64123 /* SubjectPager.swift */ = {isa = PBXFileReference; lastKnownFileType = sourcecode.swift; path = SubjectPager.swift; sourceTree = "<group>"; };
		2F3A53041FDA70DE00C64123 /* IndividualSubjectAnalyticsCountCell.swift */ = {isa = PBXFileReference; lastKnownFileType = sourcecode.swift; path = IndividualSubjectAnalyticsCountCell.swift; sourceTree = "<group>"; };
		2F3BC8A31FC6A009001A84FF /* ContentExamAttemptsTableViewController.swift */ = {isa = PBXFileReference; lastKnownFileType = sourcecode.swift; path = ContentExamAttemptsTableViewController.swift; sourceTree = "<group>"; };
		2F42BDDA1FE9167700F0DF14 /* UIImageViewExtension.swift */ = {isa = PBXFileReference; lastKnownFileType = sourcecode.swift; path = UIImageViewExtension.swift; sourceTree = "<group>"; };
		2F48C7F81FCD9F18009C686C /* progress_loader.css */ = {isa = PBXFileReference; lastKnownFileType = text.css; path = progress_loader.css; sourceTree = "<group>"; };
		2F48C7FA1FCDA957009C686C /* comments.js */ = {isa = PBXFileReference; lastKnownFileType = sourcecode.javascript; path = comments.js; sourceTree = "<group>"; };
		2F48C7FC1FCDABDE009C686C /* comments.css */ = {isa = PBXFileReference; lastKnownFileType = text.css; path = comments.css; sourceTree = "<group>"; };
		2F48C7FE1FCE9750009C686C /* Comment.swift */ = {isa = PBXFileReference; lastKnownFileType = sourcecode.swift; path = Comment.swift; sourceTree = "<group>"; };
		2F48C8001FCE9963009C686C /* ContentObject.swift */ = {isa = PBXFileReference; lastKnownFileType = sourcecode.swift; path = ContentObject.swift; sourceTree = "<group>"; };
		2F48C8021FCE9A37009C686C /* CommentPager.swift */ = {isa = PBXFileReference; lastKnownFileType = sourcecode.swift; path = CommentPager.swift; sourceTree = "<group>"; };
		2F48C8041FD030A7009C686C /* icomoon */ = {isa = PBXFileReference; lastKnownFileType = folder; path = icomoon; sourceTree = "<group>"; };
		2F48C8061FD13ABC009C686C /* TTGSnackbar.framework */ = {isa = PBXFileReference; lastKnownFileType = wrapper.framework; name = TTGSnackbar.framework; path = Carthage/Build/iOS/TTGSnackbar.framework; sourceTree = "<group>"; };
		2F48C80A1FD288C6009C686C /* PostTableViewController.swift */ = {isa = PBXFileReference; lastKnownFileType = sourcecode.swift; path = PostTableViewController.swift; sourceTree = "<group>"; };
		2F48C80C1FD28902009C686C /* PostTableViewCell.swift */ = {isa = PBXFileReference; lastKnownFileType = sourcecode.swift; path = PostTableViewCell.swift; sourceTree = "<group>"; };
		2F48C80E1FD2899E009C686C /* Post.swift */ = {isa = PBXFileReference; lastKnownFileType = sourcecode.swift; path = Post.swift; sourceTree = "<group>"; };
		2F48C8101FD28E7A009C686C /* PostPager.swift */ = {isa = PBXFileReference; lastKnownFileType = sourcecode.swift; path = PostPager.swift; sourceTree = "<group>"; };
		2F48C8121FD3E417009C686C /* Category.swift */ = {isa = PBXFileReference; lastKnownFileType = sourcecode.swift; path = Category.swift; sourceTree = "<group>"; };
		2F48C8151FD3F6BD009C686C /* Base */ = {isa = PBXFileReference; lastKnownFileType = file.storyboard; name = Base; path = Base.lproj/Post.storyboard; sourceTree = "<group>"; };
		2F48C8171FD50E6D009C686C /* PostDetailViewController.swift */ = {isa = PBXFileReference; lastKnownFileType = sourcecode.swift; path = PostDetailViewController.swift; sourceTree = "<group>"; };
		2F48C8191FD566B2009C686C /* IQKeyboardManagerSwift.framework */ = {isa = PBXFileReference; lastKnownFileType = wrapper.framework; name = IQKeyboardManagerSwift.framework; path = Carthage/Build/iOS/IQKeyboardManagerSwift.framework; sourceTree = "<group>"; };
		2F515DF11FF3B0980005D8A5 /* RichTextEditor.swift */ = {isa = PBXFileReference; fileEncoding = 4; lastKnownFileType = sourcecode.swift; path = RichTextEditor.swift; sourceTree = "<group>"; };
		2F515DF31FF3B7B10005D8A5 /* RichTextEditor.html */ = {isa = PBXFileReference; fileEncoding = 4; lastKnownFileType = text.html; path = RichTextEditor.html; sourceTree = "<group>"; };
		2F515DF41FF3B7B10005D8A5 /* RichTextEditor.js */ = {isa = PBXFileReference; fileEncoding = 4; lastKnownFileType = sourcecode.javascript; path = RichTextEditor.js; sourceTree = "<group>"; };
		2F515DF71FF3B8050005D8A5 /* KeyboardLayoutConstraint.swift */ = {isa = PBXFileReference; fileEncoding = 4; lastKnownFileType = sourcecode.swift; path = KeyboardLayoutConstraint.swift; sourceTree = "<group>"; };
		2F515DF91FF4D12A0005D8A5 /* ImagePicker.swift */ = {isa = PBXFileReference; lastKnownFileType = sourcecode.swift; path = ImagePicker.swift; sourceTree = "<group>"; };
		2F515DFB1FF4EF9C0005D8A5 /* FileDetails.swift */ = {isa = PBXFileReference; lastKnownFileType = sourcecode.swift; path = FileDetails.swift; sourceTree = "<group>"; };
		2F515DFD1FF517160005D8A5 /* Permissions.swift */ = {isa = PBXFileReference; lastKnownFileType = sourcecode.swift; path = Permissions.swift; sourceTree = "<group>"; };
		2F515DFF1FF572690005D8A5 /* PhotoCropEditor.framework */ = {isa = PBXFileReference; lastKnownFileType = wrapper.framework; name = PhotoCropEditor.framework; path = Carthage/Build/iOS/PhotoCropEditor.framework; sourceTree = "<group>"; };
		2F515E011FF61A550005D8A5 /* ImageUploadHelper.swift */ = {isa = PBXFileReference; lastKnownFileType = sourcecode.swift; path = ImageUploadHelper.swift; sourceTree = "<group>"; };
		2F56B7341FDD252E00E2B240 /* GraphAxisLabelFormatter.swift */ = {isa = PBXFileReference; lastKnownFileType = sourcecode.swift; path = GraphAxisLabelFormatter.swift; sourceTree = "<group>"; };
		2F56B7361FDD2F0100E2B240 /* GraphAxisPercentValueFormatter.swift */ = {isa = PBXFileReference; lastKnownFileType = sourcecode.swift; path = GraphAxisPercentValueFormatter.swift; sourceTree = "<group>"; };
		2F56B7381FDD6B5700E2B240 /* IndividualSubjectAnalyticsGraphCell.swift */ = {isa = PBXFileReference; lastKnownFileType = sourcecode.swift; path = IndividualSubjectAnalyticsGraphCell.swift; sourceTree = "<group>"; };
		2F56B73A1FDE8B3900E2B240 /* TimeAnalyticsTableViewController.swift */ = {isa = PBXFileReference; lastKnownFileType = sourcecode.swift; path = TimeAnalyticsTableViewController.swift; sourceTree = "<group>"; };
		2F56B73C1FDE92CD00E2B240 /* TimeAnalyticsHeaderViewCell.swift */ = {isa = PBXFileReference; lastKnownFileType = sourcecode.swift; path = TimeAnalyticsHeaderViewCell.swift; sourceTree = "<group>"; };
		2F56B73E1FDEADB000E2B240 /* TimeAnalyticsQuestionCell.swift */ = {isa = PBXFileReference; lastKnownFileType = sourcecode.swift; path = TimeAnalyticsQuestionCell.swift; sourceTree = "<group>"; };
		2F5E0BB41FE2415800236AFE /* ActivityFeedPager.swift */ = {isa = PBXFileReference; lastKnownFileType = sourcecode.swift; path = ActivityFeedPager.swift; sourceTree = "<group>"; };
		2F5E0BB61FE2444E00236AFE /* ActivityFeedTableViewController.swift */ = {isa = PBXFileReference; lastKnownFileType = sourcecode.swift; path = ActivityFeedTableViewController.swift; sourceTree = "<group>"; };
		2F5E0BB81FE2452D00236AFE /* ActivityFeedTableViewCell.swift */ = {isa = PBXFileReference; lastKnownFileType = sourcecode.swift; path = ActivityFeedTableViewCell.swift; sourceTree = "<group>"; };
		2F5E0BBA1FE2871900236AFE /* ContentAttempt.swift */ = {isa = PBXFileReference; lastKnownFileType = sourcecode.swift; path = ContentAttempt.swift; sourceTree = "<group>"; };
		2F6F167A1FC3F08900FB768C /* typebase.css */ = {isa = PBXFileReference; fileEncoding = 4; lastKnownFileType = text.css; path = typebase.css; sourceTree = "<group>"; };
		2F6F167C1FC3FE0200FB768C /* HtmlContent.swift */ = {isa = PBXFileReference; lastKnownFileType = sourcecode.swift; path = HtmlContent.swift; sourceTree = "<group>"; };
		2F6F167E1FC4164100FB768C /* Reachability.swift */ = {isa = PBXFileReference; lastKnownFileType = sourcecode.swift; path = Reachability.swift; sourceTree = "<group>"; };
		2F70F4D61F9F1C3300D30755 /* BaseQuestionsListViewController.swift */ = {isa = PBXFileReference; lastKnownFileType = sourcecode.swift; path = BaseQuestionsListViewController.swift; sourceTree = "<group>"; };
		2F70F4D81F9F1F8200D30755 /* ReviewQuestionListViewController.swift */ = {isa = PBXFileReference; lastKnownFileType = sourcecode.swift; path = ReviewQuestionListViewController.swift; sourceTree = "<group>"; };
		2F7179531EC740C6009114C4 /* Base */ = {isa = PBXFileReference; lastKnownFileType = file.storyboard; name = Base; path = Base.lproj/ExamReview.storyboard; sourceTree = "<group>"; };
		2F763CFB1FBD79F60033D495 /* CoursesTableViewController.swift */ = {isa = PBXFileReference; lastKnownFileType = sourcecode.swift; path = CoursesTableViewController.swift; sourceTree = "<group>"; };
		2F763CFD1FBD7AE40033D495 /* Course.swift */ = {isa = PBXFileReference; lastKnownFileType = sourcecode.swift; path = Course.swift; sourceTree = "<group>"; };
		2F763D051FBDA89C0033D495 /* CoursePager.swift */ = {isa = PBXFileReference; lastKnownFileType = sourcecode.swift; path = CoursePager.swift; sourceTree = "<group>"; };
		2F763D071FBDB4D30033D495 /* CourseTableViewCell.swift */ = {isa = PBXFileReference; lastKnownFileType = sourcecode.swift; path = CourseTableViewCell.swift; sourceTree = "<group>"; };
		2F763D0A1FBEC7260033D495 /* Base */ = {isa = PBXFileReference; lastKnownFileType = file.storyboard; name = Base; path = Base.lproj/ChapterContent.storyboard; sourceTree = "<group>"; };
		2F763D0C1FBEC91D0033D495 /* ChaptersViewController.swift */ = {isa = PBXFileReference; lastKnownFileType = sourcecode.swift; path = ChaptersViewController.swift; sourceTree = "<group>"; };
		2F763D0E1FBECBBC0033D495 /* Chapter.swift */ = {isa = PBXFileReference; lastKnownFileType = sourcecode.swift; path = Chapter.swift; sourceTree = "<group>"; };
		2F763D101FBECFD30033D495 /* ChapterPager.swift */ = {isa = PBXFileReference; lastKnownFileType = sourcecode.swift; path = ChapterPager.swift; sourceTree = "<group>"; };
		2F763D121FBEE8080033D495 /* ChapterCollectionViewCell.swift */ = {isa = PBXFileReference; lastKnownFileType = sourcecode.swift; path = ChapterCollectionViewCell.swift; sourceTree = "<group>"; };
		2F936E7D1FDAC128008C353A /* SubjectAnalyticsTabViewController.swift */ = {isa = PBXFileReference; lastKnownFileType = sourcecode.swift; path = SubjectAnalyticsTabViewController.swift; sourceTree = "<group>"; };
		2F936E7F1FDAD2B0008C353A /* OverallSubjectAnalyticsViewController.swift */ = {isa = PBXFileReference; lastKnownFileType = sourcecode.swift; path = OverallSubjectAnalyticsViewController.swift; sourceTree = "<group>"; };
		2F936E811FDAD376008C353A /* Charts.framework */ = {isa = PBXFileReference; lastKnownFileType = wrapper.framework; name = Charts.framework; path = Carthage/Build/iOS/Charts.framework; sourceTree = "<group>"; };
		2F9699771FC2A202001B2B18 /* ContentsTableViewController.swift */ = {isa = PBXFileReference; lastKnownFileType = sourcecode.swift; path = ContentsTableViewController.swift; sourceTree = "<group>"; };
		2F9699791FC2A22A001B2B18 /* Content.swift */ = {isa = PBXFileReference; lastKnownFileType = sourcecode.swift; path = Content.swift; sourceTree = "<group>"; };
		2F96997B1FC2A625001B2B18 /* Video.swift */ = {isa = PBXFileReference; lastKnownFileType = sourcecode.swift; path = Video.swift; sourceTree = "<group>"; };
		2F96997D1FC2A761001B2B18 /* Attachment.swift */ = {isa = PBXFileReference; lastKnownFileType = sourcecode.swift; path = Attachment.swift; sourceTree = "<group>"; };
		2F96997F1FC2A8E0001B2B18 /* ContentPager.swift */ = {isa = PBXFileReference; lastKnownFileType = sourcecode.swift; path = ContentPager.swift; sourceTree = "<group>"; };
		2F9699811FC2AC20001B2B18 /* ContentsTableViewCell.swift */ = {isa = PBXFileReference; lastKnownFileType = sourcecode.swift; path = ContentsTableViewCell.swift; sourceTree = "<group>"; };
		2F9778A71FEB81BA00ADBBE2 /* TrophiesAchievedViewController.swift */ = {isa = PBXFileReference; lastKnownFileType = sourcecode.swift; path = TrophiesAchievedViewController.swift; sourceTree = "<group>"; };
		2F9B5E161FC54AFC00D67100 /* AttachmentDetailViewController.swift */ = {isa = PBXFileReference; lastKnownFileType = sourcecode.swift; path = AttachmentDetailViewController.swift; sourceTree = "<group>"; };
		2F9E39911F851A76001D51B2 /* Base */ = {isa = PBXFileReference; lastKnownFileType = file.storyboard; name = Base; path = Base.lproj/TestEngine.storyboard; sourceTree = "<group>"; };
		2FB049B21FD7D3EB0049D5B0 /* MainMenuTabViewController.swift */ = {isa = PBXFileReference; lastKnownFileType = sourcecode.swift; path = MainMenuTabViewController.swift; sourceTree = "<group>"; };
		2FB049B41FD7D5E50049D5B0 /* ForumTableViewController.swift */ = {isa = PBXFileReference; lastKnownFileType = sourcecode.swift; path = ForumTableViewController.swift; sourceTree = "<group>"; };
		2FB049BA1FD838860049D5B0 /* post.css */ = {isa = PBXFileReference; lastKnownFileType = text.css; path = post.css; sourceTree = "<group>"; };
		2FB049BC1FD839EB0049D5B0 /* ForumTableViewCell.swift */ = {isa = PBXFileReference; lastKnownFileType = sourcecode.swift; path = ForumTableViewCell.swift; sourceTree = "<group>"; };
		2FBEDB7B1E82BBD5000CF05C /* Alamofire.framework */ = {isa = PBXFileReference; lastKnownFileType = wrapper.framework; name = Alamofire.framework; path = Carthage/Build/iOS/Alamofire.framework; sourceTree = "<group>"; };
		2FBEDB7D1E82BC02000CF05C /* ObjectMapper.framework */ = {isa = PBXFileReference; lastKnownFileType = wrapper.framework; name = ObjectMapper.framework; path = Carthage/Build/iOS/ObjectMapper.framework; sourceTree = "<group>"; };
		2FC0F2531F8617690092BFDC /* CALayerBorderColor.swift */ = {isa = PBXFileReference; lastKnownFileType = sourcecode.swift; path = CALayerBorderColor.swift; sourceTree = "<group>"; };
		2FC0F2541F8617690092BFDC /* FormatDate.swift */ = {isa = PBXFileReference; lastKnownFileType = sourcecode.swift; path = FormatDate.swift; sourceTree = "<group>"; };
		2FC0F2561F8617690092BFDC /* UIUtils.swift */ = {isa = PBXFileReference; lastKnownFileType = sourcecode.swift; path = UIUtils.swift; sourceTree = "<group>"; };
		2FC0F2571F8617690092BFDC /* WebViewUtils.swift */ = {isa = PBXFileReference; lastKnownFileType = sourcecode.swift; path = WebViewUtils.swift; sourceTree = "<group>"; };
		2FC0F2731F8619220092BFDC /* MathJaxRender.js */ = {isa = PBXFileReference; lastKnownFileType = sourcecode.javascript; path = MathJaxRender.js; sourceTree = "<group>"; };
		2FC0F2741F8619220092BFDC /* PT_Serif-Web-Regular.ttf */ = {isa = PBXFileReference; lastKnownFileType = file; path = "PT_Serif-Web-Regular.ttf"; sourceTree = "<group>"; };
		2FC0F2751F8619220092BFDC /* questions_typebase.css */ = {isa = PBXFileReference; lastKnownFileType = text.css; path = questions_typebase.css; sourceTree = "<group>"; };
		2FC0F2761F8619220092BFDC /* Rubik-Medium.ttf */ = {isa = PBXFileReference; lastKnownFileType = file; path = "Rubik-Medium.ttf"; sourceTree = "<group>"; };
		2FC0F2771F8619220092BFDC /* Rubik-Regular.ttf */ = {isa = PBXFileReference; lastKnownFileType = file; path = "Rubik-Regular.ttf"; sourceTree = "<group>"; };
		2FC0F2781F8619220092BFDC /* TestEngine.js */ = {isa = PBXFileReference; lastKnownFileType = sourcecode.javascript; path = TestEngine.js; sourceTree = "<group>"; };
		2FC0F27D1F861A3E0092BFDC /* Constants.swift */ = {isa = PBXFileReference; lastKnownFileType = sourcecode.swift; path = Constants.swift; sourceTree = "<group>"; };
		2FC0F27E1F861A3E0092BFDC /* KeychainTokenItem.swift */ = {isa = PBXFileReference; lastKnownFileType = sourcecode.swift; path = KeychainTokenItem.swift; sourceTree = "<group>"; };
		2FC0F27F1F861A3E0092BFDC /* Strings.swift */ = {isa = PBXFileReference; lastKnownFileType = sourcecode.swift; path = Strings.swift; sourceTree = "<group>"; };
		2FC0F2811F861A860092BFDC /* AttemptsListViewController.swift */ = {isa = PBXFileReference; lastKnownFileType = sourcecode.swift; path = AttemptsListViewController.swift; sourceTree = "<group>"; };
		2FC0F2821F861A860092BFDC /* AttemptsTableViewCell.swift */ = {isa = PBXFileReference; lastKnownFileType = sourcecode.swift; path = AttemptsTableViewCell.swift; sourceTree = "<group>"; };
		2FC0F2831F861A860092BFDC /* BaseQuestionsDataSource.swift */ = {isa = PBXFileReference; lastKnownFileType = sourcecode.swift; path = BaseQuestionsDataSource.swift; sourceTree = "<group>"; };
		2FC0F2841F861A860092BFDC /* BaseQuestionsPageViewController.swift */ = {isa = PBXFileReference; lastKnownFileType = sourcecode.swift; path = BaseQuestionsPageViewController.swift; sourceTree = "<group>"; };
		2FC0F2851F861A860092BFDC /* BaseQuestionsViewController.swift */ = {isa = PBXFileReference; lastKnownFileType = sourcecode.swift; path = BaseQuestionsViewController.swift; sourceTree = "<group>"; };
		2FC0F2861F861A860092BFDC /* BaseTextFieldViewController.swift */ = {isa = PBXFileReference; lastKnownFileType = sourcecode.swift; path = BaseTextFieldViewController.swift; sourceTree = "<group>"; };
		2FC0F2871F861A860092BFDC /* EmptyView.swift */ = {isa = PBXFileReference; lastKnownFileType = sourcecode.swift; path = EmptyView.swift; sourceTree = "<group>"; };
		2FC0F2881F861A860092BFDC /* EmptyView.xib */ = {isa = PBXFileReference; lastKnownFileType = file.xib; path = EmptyView.xib; sourceTree = "<group>"; };
		2FC0F2891F861A860092BFDC /* ExamsTableViewCell.swift */ = {isa = PBXFileReference; lastKnownFileType = sourcecode.swift; path = ExamsTableViewCell.swift; sourceTree = "<group>"; };
		2FC0F28A1F861A860092BFDC /* ExamsTableViewCell.xib */ = {isa = PBXFileReference; lastKnownFileType = file.xib; path = ExamsTableViewCell.xib; sourceTree = "<group>"; };
		2FC0F28B1F861A860092BFDC /* ExamsTableViewController.swift */ = {isa = PBXFileReference; lastKnownFileType = sourcecode.swift; path = ExamsTableViewController.swift; sourceTree = "<group>"; };
		2FC0F28C1F861A860092BFDC /* ExamsTabViewController.swift */ = {isa = PBXFileReference; lastKnownFileType = sourcecode.swift; path = ExamsTabViewController.swift; sourceTree = "<group>"; };
		2FC0F28D1F861A860092BFDC /* LoginViewController.swift */ = {isa = PBXFileReference; lastKnownFileType = sourcecode.swift; path = LoginViewController.swift; sourceTree = "<group>"; };
		2FC0F28E1F861A860092BFDC /* MoreOptionsViewController.swift */ = {isa = PBXFileReference; lastKnownFileType = sourcecode.swift; path = MoreOptionsViewController.swift; sourceTree = "<group>"; };
		2FC0F28F1F861A860092BFDC /* ProfileViewController.swift */ = {isa = PBXFileReference; lastKnownFileType = sourcecode.swift; path = ProfileViewController.swift; sourceTree = "<group>"; };
		2FC0F2901F861A860092BFDC /* QuestionsControllerSource.swift */ = {isa = PBXFileReference; lastKnownFileType = sourcecode.swift; path = QuestionsControllerSource.swift; sourceTree = "<group>"; };
		2FC0F2911F861A860092BFDC /* QuestionsViewController.swift */ = {isa = PBXFileReference; lastKnownFileType = sourcecode.swift; path = QuestionsViewController.swift; sourceTree = "<group>"; };
		2FC0F2921F861A860092BFDC /* ReviewQuestionsDataSource.swift */ = {isa = PBXFileReference; lastKnownFileType = sourcecode.swift; path = ReviewQuestionsDataSource.swift; sourceTree = "<group>"; };
		2FC0F2931F861A860092BFDC /* ReviewQuestionsViewController.swift */ = {isa = PBXFileReference; lastKnownFileType = sourcecode.swift; path = ReviewQuestionsViewController.swift; sourceTree = "<group>"; };
		2FC0F2941F861A860092BFDC /* ReviewSolutionsViewController.swift */ = {isa = PBXFileReference; lastKnownFileType = sourcecode.swift; path = ReviewSolutionsViewController.swift; sourceTree = "<group>"; };
		2FC0F2951F861A860092BFDC /* SignUpViewController.swift */ = {isa = PBXFileReference; lastKnownFileType = sourcecode.swift; path = SignUpViewController.swift; sourceTree = "<group>"; };
		2FC0F2961F861A860092BFDC /* StartExamScreenViewController.swift */ = {isa = PBXFileReference; lastKnownFileType = sourcecode.swift; path = StartExamScreenViewController.swift; sourceTree = "<group>"; };
		2FC0F2971F861A860092BFDC /* SuccessViewController.swift */ = {isa = PBXFileReference; lastKnownFileType = sourcecode.swift; path = SuccessViewController.swift; sourceTree = "<group>"; };
		2FC0F2981F861A860092BFDC /* TestEngineViewController.swift */ = {isa = PBXFileReference; lastKnownFileType = sourcecode.swift; path = TestEngineViewController.swift; sourceTree = "<group>"; };
		2FC0F2991F861A860092BFDC /* TestReportViewController.swift */ = {isa = PBXFileReference; lastKnownFileType = sourcecode.swift; path = TestReportViewController.swift; sourceTree = "<group>"; };
		2FC0F29A1F861A860092BFDC /* TPBasePagedTableViewController.swift */ = {isa = PBXFileReference; lastKnownFileType = sourcecode.swift; path = TPBasePagedTableViewController.swift; sourceTree = "<group>"; };
		2FC0F2C31F86385B0092BFDC /* Attempt.swift */ = {isa = PBXFileReference; lastKnownFileType = sourcecode.swift; path = Attempt.swift; sourceTree = "<group>"; };
		2FC0F2C41F86385B0092BFDC /* AttemptAnswer.swift */ = {isa = PBXFileReference; lastKnownFileType = sourcecode.swift; path = AttemptAnswer.swift; sourceTree = "<group>"; };
		2FC0F2C51F86385B0092BFDC /* AttemptItem.swift */ = {isa = PBXFileReference; lastKnownFileType = sourcecode.swift; path = AttemptItem.swift; sourceTree = "<group>"; };
		2FC0F2C61F86385B0092BFDC /* AttemptQuestion.swift */ = {isa = PBXFileReference; lastKnownFileType = sourcecode.swift; path = AttemptQuestion.swift; sourceTree = "<group>"; };
		2FC0F2C71F86385B0092BFDC /* Exam.swift */ = {isa = PBXFileReference; lastKnownFileType = sourcecode.swift; path = Exam.swift; sourceTree = "<group>"; };
		2FC0F2C81F86385B0092BFDC /* RegistrationError.swift */ = {isa = PBXFileReference; lastKnownFileType = sourcecode.swift; path = RegistrationError.swift; sourceTree = "<group>"; };
		2FC0F2C91F86385B0092BFDC /* TPApiResponse.swift */ = {isa = PBXFileReference; lastKnownFileType = sourcecode.swift; path = TPApiResponse.swift; sourceTree = "<group>"; };
		2FC0F2CA1F86385B0092BFDC /* TPAuthToken.swift */ = {isa = PBXFileReference; lastKnownFileType = sourcecode.swift; path = TPAuthToken.swift; sourceTree = "<group>"; };
		2FC0F2CB1F86385B0092BFDC /* TPError.swift */ = {isa = PBXFileReference; lastKnownFileType = sourcecode.swift; path = TPError.swift; sourceTree = "<group>"; };
		2FC0F2CC1F86385B0092BFDC /* TPModelMapper.swift */ = {isa = PBXFileReference; lastKnownFileType = sourcecode.swift; path = TPModelMapper.swift; sourceTree = "<group>"; };
		2FC0F2CD1F86385B0092BFDC /* User.swift */ = {isa = PBXFileReference; lastKnownFileType = sourcecode.swift; path = User.swift; sourceTree = "<group>"; };
		2FC0F2DA1F863AAF0092BFDC /* Colors.swift */ = {isa = PBXFileReference; lastKnownFileType = sourcecode.swift; path = Colors.swift; sourceTree = "<group>"; };
		2FC0F2DB1F863AAF0092BFDC /* Images.swift */ = {isa = PBXFileReference; lastKnownFileType = sourcecode.swift; path = Images.swift; sourceTree = "<group>"; };
		2FC0F2EA1F863B080092BFDC /* AttemptPager.swift */ = {isa = PBXFileReference; lastKnownFileType = sourcecode.swift; path = AttemptPager.swift; sourceTree = "<group>"; };
		2FC0F2EB1F863B080092BFDC /* ExamPager.swift */ = {isa = PBXFileReference; lastKnownFileType = sourcecode.swift; path = ExamPager.swift; sourceTree = "<group>"; };
		2FC0F2EC1F863B080092BFDC /* TPApiClient.swift */ = {isa = PBXFileReference; lastKnownFileType = sourcecode.swift; path = TPApiClient.swift; sourceTree = "<group>"; };
		2FC0F2ED1F863B080092BFDC /* TPBasePager.swift */ = {isa = PBXFileReference; lastKnownFileType = sourcecode.swift; path = TPBasePager.swift; sourceTree = "<group>"; };
		2FC0F2EE1F863B080092BFDC /* TPEndpoint.swift */ = {isa = PBXFileReference; lastKnownFileType = sourcecode.swift; path = TPEndpoint.swift; sourceTree = "<group>"; };
		2FC0F31C1F863D730092BFDC /* katex */ = {isa = PBXFileReference; lastKnownFileType = folder; path = katex; sourceTree = "<group>"; };
		2FC0F31E1F866BC30092BFDC /* Device.framework */ = {isa = PBXFileReference; lastKnownFileType = wrapper.framework; name = Device.framework; path = Carthage/Build/iOS/Device.framework; sourceTree = "<group>"; };
		2FD8465D1FC30B6000D6F016 /* ContentDetailPageViewController.swift */ = {isa = PBXFileReference; lastKnownFileType = sourcecode.swift; path = ContentDetailPageViewController.swift; sourceTree = "<group>"; };
		2FD8465F1FC30D1900D6F016 /* ContentDetailDataSource.swift */ = {isa = PBXFileReference; lastKnownFileType = sourcecode.swift; path = ContentDetailDataSource.swift; sourceTree = "<group>"; };
		2FD846611FC30E7700D6F016 /* HtmlContentViewController.swift */ = {isa = PBXFileReference; lastKnownFileType = sourcecode.swift; path = HtmlContentViewController.swift; sourceTree = "<group>"; };
		2FE2906F1F8CF8E7004D7574 /* BaseWebViewController.swift */ = {isa = PBXFileReference; lastKnownFileType = sourcecode.swift; path = BaseWebViewController.swift; sourceTree = "<group>"; };
		2FE290711F8D07D0004D7574 /* QuestionListHandler.js */ = {isa = PBXFileReference; lastKnownFileType = sourcecode.javascript; path = QuestionListHandler.js; sourceTree = "<group>"; };
/* End PBXFileReference section */

/* Begin PBXFrameworksBuildPhase section */
		2F26ADDF1E8249D70031E6F4 /* Frameworks */ = {
			isa = PBXFrameworksBuildPhase;
			buildActionMask = 2147483647;
			files = (
				2F763CFF1FBD83340033D495 /* Alamofire.framework in Frameworks */,
				2F936E821FDAD376008C353A /* Charts.framework in Frameworks */,
				2F763D001FBD83340033D495 /* Device.framework in Frameworks */,
				2F48C81A1FD566B3009C686C /* IQKeyboardManagerSwift.framework in Frameworks */,
				2F763D011FBD83340033D495 /* Kingfisher.framework in Frameworks */,
				2F3A142F1FE0EEED007CEE84 /* LUExpandableTableView.framework in Frameworks */,
				2F763D021FBD83340033D495 /* ObjectMapper.framework in Frameworks */,
				2F515E001FF572690005D8A5 /* PhotoCropEditor.framework in Frameworks */,
				2F763D031FBD83340033D495 /* SlideMenuControllerSwift.framework in Frameworks */,
				2F48C8071FD13ABD009C686C /* TTGSnackbar.framework in Frameworks */,
				2F763D041FBD83340033D495 /* XLPagerTabStrip.framework in Frameworks */,
			);
			runOnlyForDeploymentPostprocessing = 0;
		};
		2F26ADF31E8249D70031E6F4 /* Frameworks */ = {
			isa = PBXFrameworksBuildPhase;
			buildActionMask = 2147483647;
			files = (
			);
			runOnlyForDeploymentPostprocessing = 0;
		};
/* End PBXFrameworksBuildPhase section */

/* Begin PBXGroup section */
		2F26ADD91E8249D70031E6F4 = {
			isa = PBXGroup;
			children = (
				2F26ADE41E8249D70031E6F4 /* ios-app */,
				2F26ADF91E8249D70031E6F4 /* ios-appTests */,
				2F26ADE31E8249D70031E6F4 /* Products */,
				2FBEDB781E82BBD0000CF05C /* Frameworks */,
			);
			sourceTree = "<group>";
		};
		2F26ADE31E8249D70031E6F4 /* Products */ = {
			isa = PBXGroup;
			children = (
				2F26ADE21E8249D70031E6F4 /* ios-app.app */,
				2F26ADF61E8249D70031E6F4 /* ios-appTests.xctest */,
			);
			name = Products;
			sourceTree = "<group>";
		};
		2F26ADE41E8249D70031E6F4 /* ios-app */ = {
			isa = PBXGroup;
			children = (
				2FC0F27C1F861A3E0092BFDC /* Core */,
				2FC0F2C21F86385B0092BFDC /* Model */,
				2FC0F2E91F863B080092BFDC /* Network */,
				2FC0F2D91F863AAF0092BFDC /* Resources */,
				2FC0F2581F8619220092BFDC /* static */,
				2FC0F2801F861A860092BFDC /* UI */,
				2FC0F2521F8617690092BFDC /* Utils */,
				2F26ADE51E8249D70031E6F4 /* AppDelegate.swift */,
				2F763D091FBEC7260033D495 /* ChapterContent.storyboard */,
				2F7179521EC740C6009114C4 /* ExamReview.storyboard */,
				2F26ADE91E8249D70031E6F4 /* Main.storyboard */,
				2F48C8141FD3F6BD009C686C /* Post.storyboard */,
				2F7179541EC740C6009114C4 /* TestEngine.storyboard */,
				2F26ADEC1E8249D70031E6F4 /* Assets.xcassets */,
				2F26ADF11E8249D70031E6F4 /* Info.plist */,
			);
			path = "ios-app";
			sourceTree = "<group>";
		};
		2F26ADF91E8249D70031E6F4 /* ios-appTests */ = {
			isa = PBXGroup;
			children = (
				2F26ADFA1E8249D70031E6F4 /* ios_appTests.swift */,
				2F26ADFC1E8249D70031E6F4 /* Info.plist */,
			);
			path = "ios-appTests";
			sourceTree = "<group>";
		};
		2FBEDB781E82BBD0000CF05C /* Frameworks */ = {
			isa = PBXGroup;
			children = (
				2F515DFF1FF572690005D8A5 /* PhotoCropEditor.framework */,
				2F3A142E1FE0EEED007CEE84 /* LUExpandableTableView.framework */,
				2F29437D1FDFE51600E45F07 /* ExpandableCell.framework */,
				2F29437B1FDFE50600E45F07 /* ExpandableCell.framework.dSYM */,
				2F936E811FDAD376008C353A /* Charts.framework */,
				2F48C8191FD566B2009C686C /* IQKeyboardManagerSwift.framework */,
				2F48C8061FD13ABC009C686C /* TTGSnackbar.framework */,
				2F1474701F8B73FF0017151B /* SlideMenuControllerSwift.framework */,
				2FC0F31E1F866BC30092BFDC /* Device.framework */,
				2F3817FA1EC35EDE00B3813E /* Kingfisher.framework */,
				2F2CA1DA1EBDC59300ED1C99 /* XLPagerTabStrip.framework */,
				2FBEDB7D1E82BC02000CF05C /* ObjectMapper.framework */,
				2FBEDB7B1E82BBD5000CF05C /* Alamofire.framework */,
			);
			name = Frameworks;
			sourceTree = "<group>";
		};
		2FC0F2521F8617690092BFDC /* Utils */ = {
			isa = PBXGroup;
			children = (
				2FC0F2531F8617690092BFDC /* CALayerBorderColor.swift */,
				2FC0F2541F8617690092BFDC /* FormatDate.swift */,
				2F56B7341FDD252E00E2B240 /* GraphAxisLabelFormatter.swift */,
				2F56B7361FDD2F0100E2B240 /* GraphAxisPercentValueFormatter.swift */,
				2F515E011FF61A550005D8A5 /* ImageUploadHelper.swift */,
				2F515DF91FF4D12A0005D8A5 /* ImagePicker.swift */,
				2F515DF71FF3B8050005D8A5 /* KeyboardLayoutConstraint.swift */,
				2F515DFD1FF517160005D8A5 /* Permissions.swift */,
				2F6F167E1FC4164100FB768C /* Reachability.swift */,
				2F515DF11FF3B0980005D8A5 /* RichTextEditor.swift */,
				2F42BDDA1FE9167700F0DF14 /* UIImageViewExtension.swift */,
				2FC0F2561F8617690092BFDC /* UIUtils.swift */,
				2F2866F91FD6C1D600FC6BAA /* UITextViewExtension.swift */,
				2FC0F2571F8617690092BFDC /* WebViewUtils.swift */,
			);
			path = Utils;
			sourceTree = "<group>";
		};
		2FC0F2581F8619220092BFDC /* static */ = {
			isa = PBXGroup;
			children = (
				2F48C8041FD030A7009C686C /* icomoon */,
				2FC0F31C1F863D730092BFDC /* katex */,
				2F48C7FC1FCDABDE009C686C /* comments.css */,
				2F48C7FA1FCDA957009C686C /* comments.js */,
				2FC0F2731F8619220092BFDC /* MathJaxRender.js */,
				2F48C7F81FCD9F18009C686C /* progress_loader.css */,
				2FB049BA1FD838860049D5B0 /* post.css */,
				2FC0F2741F8619220092BFDC /* PT_Serif-Web-Regular.ttf */,
				2FC0F2751F8619220092BFDC /* questions_typebase.css */,
				2F515DF31FF3B7B10005D8A5 /* RichTextEditor.html */,
				2F515DF41FF3B7B10005D8A5 /* RichTextEditor.js */,
				2FC0F2761F8619220092BFDC /* Rubik-Medium.ttf */,
				2FC0F2771F8619220092BFDC /* Rubik-Regular.ttf */,
				2FC0F2781F8619220092BFDC /* TestEngine.js */,
				2F6F167A1FC3F08900FB768C /* typebase.css */,
				2FE290711F8D07D0004D7574 /* QuestionListHandler.js */,
			);
			path = static;
			sourceTree = "<group>";
		};
		2FC0F27C1F861A3E0092BFDC /* Core */ = {
			isa = PBXGroup;
			children = (
				2FC0F27D1F861A3E0092BFDC /* Constants.swift */,
				2FC0F27E1F861A3E0092BFDC /* KeychainTokenItem.swift */,
				2FC0F27F1F861A3E0092BFDC /* Strings.swift */,
			);
			path = Core;
			sourceTree = "<group>";
		};
		2FC0F2801F861A860092BFDC /* UI */ = {
			isa = PBXGroup;
			children = (
				2F5E0BB81FE2452D00236AFE /* ActivityFeedTableViewCell.swift */,
				2F5E0BB61FE2444E00236AFE /* ActivityFeedTableViewController.swift */,
				2F9B5E161FC54AFC00D67100 /* AttachmentDetailViewController.swift */,
				2FC0F2811F861A860092BFDC /* AttemptsListViewController.swift */,
				2FC0F2821F861A860092BFDC /* AttemptsTableViewCell.swift */,
				2FC0F2831F861A860092BFDC /* BaseQuestionsDataSource.swift */,
				2F70F4D61F9F1C3300D30755 /* BaseQuestionsListViewController.swift */,
				2FC0F2841F861A860092BFDC /* BaseQuestionsPageViewController.swift */,
				2FC0F2851F861A860092BFDC /* BaseQuestionsViewController.swift */,
				2F35508F1F9E12D2001964D6 /* BaseQuestionsSlidingViewController.swift */,
				2FC0F2861F861A860092BFDC /* BaseTextFieldViewController.swift */,
				2FE2906F1F8CF8E7004D7574 /* BaseWebViewController.swift */,
				2F763D121FBEE8080033D495 /* ChapterCollectionViewCell.swift */,
				2F763D0C1FBEC91D0033D495 /* ChaptersViewController.swift */,
				2F3BC8A31FC6A009001A84FF /* ContentExamAttemptsTableViewController.swift */,
				2FD8465F1FC30D1900D6F016 /* ContentDetailDataSource.swift */,
				2FD8465D1FC30B6000D6F016 /* ContentDetailPageViewController.swift */,
				2F9699811FC2AC20001B2B18 /* ContentsTableViewCell.swift */,
				2F9699771FC2A202001B2B18 /* ContentsTableViewController.swift */,
				2F763D071FBDB4D30033D495 /* CourseTableViewCell.swift */,
				2F763CFB1FBD79F60033D495 /* CoursesTableViewController.swift */,
				2FC0F2871F861A860092BFDC /* EmptyView.swift */,
				2FC0F2881F861A860092BFDC /* EmptyView.xib */,
				2FC0F2891F861A860092BFDC /* ExamsTableViewCell.swift */,
				2FC0F28A1F861A860092BFDC /* ExamsTableViewCell.xib */,
				2FC0F28B1F861A860092BFDC /* ExamsTableViewController.swift */,
				2FC0F28C1F861A860092BFDC /* ExamsTabViewController.swift */,
				2FB049BC1FD839EB0049D5B0 /* ForumTableViewCell.swift */,
				2FB049B41FD7D5E50049D5B0 /* ForumTableViewController.swift */,
				2FD846611FC30E7700D6F016 /* HtmlContentViewController.swift */,
				2F3A53041FDA70DE00C64123 /* IndividualSubjectAnalyticsCountCell.swift */,
				2F56B7381FDD6B5700E2B240 /* IndividualSubjectAnalyticsGraphCell.swift */,
				2F3A52FE1FDA635500C64123 /* IndividualSubjectAnalyticsViewController.swift */,
				2FC0F28D1F861A860092BFDC /* LoginViewController.swift */,
				2FB049B21FD7D3EB0049D5B0 /* MainMenuTabViewController.swift */,
				2FC0F28E1F861A860092BFDC /* MoreOptionsViewController.swift */,
				2F936E7F1FDAD2B0008C353A /* OverallSubjectAnalyticsViewController.swift */,
				2F2866F71FD6BD5800FC6BAA /* PostCreationViewController.swift */,
				2F48C8171FD50E6D009C686C /* PostDetailViewController.swift */,
				2F2A41BF1FD6ACE900B92C6D /* PostsViewController.swift */,
				2F48C80C1FD28902009C686C /* PostTableViewCell.swift */,
				2F48C80A1FD288C6009C686C /* PostTableViewController.swift */,
				2FC0F28F1F861A860092BFDC /* ProfileViewController.swift */,
				2FC0F2901F861A860092BFDC /* QuestionsControllerSource.swift */,
				2F1474781F8B898F0017151B /* QuestionListViewController.swift */,
				2FC0F2911F861A860092BFDC /* QuestionsViewController.swift */,
				2F3550911F9E39A9001964D6 /* ReviewSlidingViewController.swift */,
				2FC0F2921F861A860092BFDC /* ReviewQuestionsDataSource.swift */,
				2F70F4D81F9F1F8200D30755 /* ReviewQuestionListViewController.swift */,
				2FC0F2931F861A860092BFDC /* ReviewQuestionsViewController.swift */,
				2FC0F2941F861A860092BFDC /* ReviewSolutionsViewController.swift */,
				2FC0F2951F861A860092BFDC /* SignUpViewController.swift */,
				2FC0F2961F861A860092BFDC /* StartExamScreenViewController.swift */,
				2F936E7D1FDAC128008C353A /* SubjectAnalyticsTabViewController.swift */,
				2FC0F2971F861A860092BFDC /* SuccessViewController.swift */,
				2F1474741F8B7BF30017151B /* TestEngineSlidingViewController.swift */,
				2FC0F2981F861A860092BFDC /* TestEngineViewController.swift */,
				2FC0F2991F861A860092BFDC /* TestReportViewController.swift */,
				2F56B73C1FDE92CD00E2B240 /* TimeAnalyticsHeaderViewCell.swift */,
				2F3A14301FE0FF63007CEE84 /* TimeAnalyticsHeaderViewCell.xib */,
				2F56B73E1FDEADB000E2B240 /* TimeAnalyticsQuestionCell.swift */,
				2F56B73A1FDE8B3900E2B240 /* TimeAnalyticsTableViewController.swift */,
				2F9778A71FEB81BA00ADBBE2 /* TrophiesAchievedViewController.swift */,
				2FC0F29A1F861A860092BFDC /* TPBasePagedTableViewController.swift */,
			);
			path = UI;
			sourceTree = "<group>";
		};
		2FC0F2C21F86385B0092BFDC /* Model */ = {
			isa = PBXGroup;
			children = (
				2F3A14321FE15E97007CEE84 /* ActivityFeed.swift */,
				2F96997D1FC2A761001B2B18 /* Attachment.swift */,
				2FC0F2C31F86385B0092BFDC /* Attempt.swift */,
				2FC0F2C41F86385B0092BFDC /* AttemptAnswer.swift */,
				2FC0F2C51F86385B0092BFDC /* AttemptItem.swift */,
				2FC0F2C61F86385B0092BFDC /* AttemptQuestion.swift */,
				2F48C8121FD3E417009C686C /* Category.swift */,
				2F763D0E1FBECBBC0033D495 /* Chapter.swift */,
				2F763CFD1FBD7AE40033D495 /* Course.swift */,
				2F48C7FE1FCE9750009C686C /* Comment.swift */,
				2F9699791FC2A22A001B2B18 /* Content.swift */,
				2F5E0BBA1FE2871900236AFE /* ContentAttempt.swift */,
				2F48C8001FCE9963009C686C /* ContentObject.swift */,
				2FC0F2C71F86385B0092BFDC /* Exam.swift */,
				2F515DFB1FF4EF9C0005D8A5 /* FileDetails.swift */,
				2F6F167C1FC3FE0200FB768C /* HtmlContent.swift */,
				2F48C80E1FD2899E009C686C /* Post.swift */,
				2FC0F2C81F86385B0092BFDC /* RegistrationError.swift */,
				2F3A53001FDA652A00C64123 /* Subject.swift */,
				2FC0F2C91F86385B0092BFDC /* TPApiResponse.swift */,
				2FC0F2CA1F86385B0092BFDC /* TPAuthToken.swift */,
				2FC0F2CB1F86385B0092BFDC /* TPError.swift */,
				2FC0F2CC1F86385B0092BFDC /* TPModelMapper.swift */,
				2FC0F2CD1F86385B0092BFDC /* User.swift */,
				2F96997B1FC2A625001B2B18 /* Video.swift */,
			);
			path = Model;
			sourceTree = "<group>";
		};
		2FC0F2D91F863AAF0092BFDC /* Resources */ = {
			isa = PBXGroup;
			children = (
				2FC0F2DA1F863AAF0092BFDC /* Colors.swift */,
				2FC0F2DB1F863AAF0092BFDC /* Images.swift */,
			);
			path = Resources;
			sourceTree = "<group>";
		};
		2FC0F2E91F863B080092BFDC /* Network */ = {
			isa = PBXGroup;
			children = (
				2FC0F2EA1F863B080092BFDC /* AttemptPager.swift */,
				2F5E0BB41FE2415800236AFE /* ActivityFeedPager.swift */,
				2F763D101FBECFD30033D495 /* ChapterPager.swift */,
				2F48C8021FCE9A37009C686C /* CommentPager.swift */,
				2F96997F1FC2A8E0001B2B18 /* ContentPager.swift */,
				2F763D051FBDA89C0033D495 /* CoursePager.swift */,
				2FC0F2EB1F863B080092BFDC /* ExamPager.swift */,
				2F48C8101FD28E7A009C686C /* PostPager.swift */,
				2F3A53021FDA6AE400C64123 /* SubjectPager.swift */,
				2FC0F2EC1F863B080092BFDC /* TPApiClient.swift */,
				2FC0F2ED1F863B080092BFDC /* TPBasePager.swift */,
				2FC0F2EE1F863B080092BFDC /* TPEndpoint.swift */,
			);
			path = Network;
			sourceTree = "<group>";
		};
/* End PBXGroup section */

/* Begin PBXNativeTarget section */
		2F26ADE11E8249D70031E6F4 /* ios-app */ = {
			isa = PBXNativeTarget;
			buildConfigurationList = 2F26ADFF1E8249D70031E6F4 /* Build configuration list for PBXNativeTarget "ios-app" */;
			buildPhases = (
				2F26ADDE1E8249D70031E6F4 /* Sources */,
				2F26ADDF1E8249D70031E6F4 /* Frameworks */,
				2F26ADE01E8249D70031E6F4 /* Resources */,
				2FBEDB7F1E82BC48000CF05C /* ShellScript */,
			);
			buildRules = (
			);
			dependencies = (
			);
			name = "ios-app";
			productName = "ios-app";
			productReference = 2F26ADE21E8249D70031E6F4 /* ios-app.app */;
			productType = "com.apple.product-type.application";
		};
		2F26ADF51E8249D70031E6F4 /* ios-appTests */ = {
			isa = PBXNativeTarget;
			buildConfigurationList = 2F26AE021E8249D70031E6F4 /* Build configuration list for PBXNativeTarget "ios-appTests" */;
			buildPhases = (
				2F26ADF21E8249D70031E6F4 /* Sources */,
				2F26ADF31E8249D70031E6F4 /* Frameworks */,
				2F26ADF41E8249D70031E6F4 /* Resources */,
			);
			buildRules = (
			);
			dependencies = (
				2F26ADF81E8249D70031E6F4 /* PBXTargetDependency */,
			);
			name = "ios-appTests";
			productName = "ios-appTests";
			productReference = 2F26ADF61E8249D70031E6F4 /* ios-appTests.xctest */;
			productType = "com.apple.product-type.bundle.unit-test";
		};
/* End PBXNativeTarget section */

/* Begin PBXProject section */
		2F26ADDA1E8249D70031E6F4 /* Project object */ = {
			isa = PBXProject;
			attributes = {
				LastSwiftUpdateCheck = 0820;
				LastUpgradeCheck = 0900;
				ORGANIZATIONNAME = Testpress;
				TargetAttributes = {
					2F26ADE11E8249D70031E6F4 = {
						CreatedOnToolsVersion = 8.2.1;
						DevelopmentTeam = BHAB7LC35Y;
						LastSwiftMigration = 0900;
						ProvisioningStyle = Automatic;
					};
					2F26ADF51E8249D70031E6F4 = {
						CreatedOnToolsVersion = 8.2.1;
						LastSwiftMigration = 0900;
						ProvisioningStyle = Automatic;
						TestTargetID = 2F26ADE11E8249D70031E6F4;
					};
				};
			};
			buildConfigurationList = 2F26ADDD1E8249D70031E6F4 /* Build configuration list for PBXProject "ios-app" */;
			compatibilityVersion = "Xcode 3.2";
			developmentRegion = English;
			hasScannedForEncodings = 0;
			knownRegions = (
				en,
				Base,
			);
			mainGroup = 2F26ADD91E8249D70031E6F4;
			productRefGroup = 2F26ADE31E8249D70031E6F4 /* Products */;
			projectDirPath = "";
			projectRoot = "";
			targets = (
				2F26ADE11E8249D70031E6F4 /* ios-app */,
				2F26ADF51E8249D70031E6F4 /* ios-appTests */,
			);
		};
/* End PBXProject section */

/* Begin PBXResourcesBuildPhase section */
		2F26ADE01E8249D70031E6F4 /* Resources */ = {
			isa = PBXResourcesBuildPhase;
			buildActionMask = 2147483647;
			files = (
				2F7179571EC740C6009114C4 /* TestEngine.storyboard in Resources */,
				2F7179561EC740C6009114C4 /* ExamReview.storyboard in Resources */,
				2FC0F31B1F863BCE0092BFDC /* TestEngine.js in Resources */,
				2F48C8051FD030A7009C686C /* icomoon in Resources */,
				2FE290721F8D07D0004D7574 /* QuestionListHandler.js in Resources */,
				2FC0F3181F863BCE0092BFDC /* questions_typebase.css in Resources */,
				2FC0F3171F863BCE0092BFDC /* PT_Serif-Web-Regular.ttf in Resources */,
				2F6F167B1FC3F08900FB768C /* typebase.css in Resources */,
				2F515DF51FF3B7B10005D8A5 /* RichTextEditor.html in Resources */,
				2F26ADED1E8249D70031E6F4 /* Assets.xcassets in Resources */,
				2FB049BB1FD838860049D5B0 /* post.css in Resources */,
				2F515DF61FF3B7B10005D8A5 /* RichTextEditor.js in Resources */,
				2F3A14311FE0FF63007CEE84 /* TimeAnalyticsHeaderViewCell.xib in Resources */,
				2FC0F3161F863BCE0092BFDC /* MathJaxRender.js in Resources */,
				2FC0F31A1F863BCE0092BFDC /* Rubik-Regular.ttf in Resources */,
				2F48C7FB1FCDA957009C686C /* comments.js in Resources */,
				2F26ADEB1E8249D70031E6F4 /* Main.storyboard in Resources */,
				2F48C7FD1FCDABDE009C686C /* comments.css in Resources */,
				2FC0F31D1F863D780092BFDC /* katex in Resources */,
				2FC0F3021F863B980092BFDC /* ExamsTableViewCell.xib in Resources */,
				2F48C7F91FCDA1A2009C686C /* progress_loader.css in Resources */,
				2FC0F3011F863B950092BFDC /* EmptyView.xib in Resources */,
				2FC0F3191F863BCE0092BFDC /* Rubik-Medium.ttf in Resources */,
				2F48C8161FD3F6BD009C686C /* Post.storyboard in Resources */,
				2F763D0B1FBEC7260033D495 /* ChapterContent.storyboard in Resources */,
			);
			runOnlyForDeploymentPostprocessing = 0;
		};
		2F26ADF41E8249D70031E6F4 /* Resources */ = {
			isa = PBXResourcesBuildPhase;
			buildActionMask = 2147483647;
			files = (
			);
			runOnlyForDeploymentPostprocessing = 0;
		};
/* End PBXResourcesBuildPhase section */

/* Begin PBXShellScriptBuildPhase section */
		2FBEDB7F1E82BC48000CF05C /* ShellScript */ = {
			isa = PBXShellScriptBuildPhase;
			buildActionMask = 2147483647;
			files = (
			);
			inputPaths = (
				"$(SRCROOT)/Carthage/Build/iOS/Alamofire.framework",
				"$(SRCROOT)/Carthage/Build/iOS/ObjectMapper.framework",
				"$(SRCROOT)/Carthage/Build/iOS/XLPagerTabStrip.framework",
				"$(SRCROOT)/Carthage/Build/iOS/Kingfisher.framework",
				"$(SRCROOT)/Carthage/Build/iOS/Device.framework",
				"$(SRCROOT)/Carthage/Build/iOS/SlideMenuControllerSwift.framework",
				"$(SRCROOT)/Carthage/Build/iOS/TTGSnackbar.framework",
				"$(SRCROOT)/Carthage/Build/iOS/IQKeyboardManagerSwift.framework",
				"$(SRCROOT)/Carthage/Build/iOS/Charts.framework",
				"$(SRCROOT)/Carthage/Build/iOS/LUExpandableTableView.framework",
				"$(SRCROOT)/Carthage/Build/iOS/PhotoCropEditor.framework",
			);
			outputPaths = (
			);
			runOnlyForDeploymentPostprocessing = 0;
			shellPath = /bin/sh;
			shellScript = "/usr/local/bin/carthage copy-frameworks";
		};
/* End PBXShellScriptBuildPhase section */

/* Begin PBXSourcesBuildPhase section */
		2F26ADDE1E8249D70031E6F4 /* Sources */ = {
			isa = PBXSourcesBuildPhase;
			buildActionMask = 2147483647;
			files = (
				2FC0F2F11F863B160092BFDC /* TPApiClient.swift in Sources */,
				2FD846601FC30D1900D6F016 /* ContentDetailDataSource.swift in Sources */,
				2F48C80B1FD288C6009C686C /* PostTableViewController.swift in Sources */,
				2F6F167F1FC4164100FB768C /* Reachability.swift in Sources */,
				2F48C80F1FD2899E009C686C /* Post.swift in Sources */,
				2F515DF21FF3B0990005D8A5 /* RichTextEditor.swift in Sources */,
				2FC0F3121F863BBD0092BFDC /* CALayerBorderColor.swift in Sources */,
				2FC0F2FB1F863B7E0092BFDC /* BaseQuestionsDataSource.swift in Sources */,
				2FD8465E1FC30B6000D6F016 /* ContentDetailPageViewController.swift in Sources */,
				2FC0F2E51F863AE00092BFDC /* TPAuthToken.swift in Sources */,
				2FC0F3091F863BA90092BFDC /* ReviewQuestionsDataSource.swift in Sources */,
				2FC0F2F31F863B1B0092BFDC /* TPEndpoint.swift in Sources */,
				2FC0F2FD1F863B850092BFDC /* BaseQuestionsViewController.swift in Sources */,
				2FC0F2FE1F863B890092BFDC /* BaseTextFieldViewController.swift in Sources */,
				2F48C8011FCE9963009C686C /* ContentObject.swift in Sources */,
				2FC0F3061F863BA90092BFDC /* ProfileViewController.swift in Sources */,
				2FC0F2F21F863B190092BFDC /* TPBasePager.swift in Sources */,
				2FC0F3081F863BA90092BFDC /* QuestionsViewController.swift in Sources */,
				2FB049B31FD7D3EB0049D5B0 /* MainMenuTabViewController.swift in Sources */,
				2F56B7391FDD6B5700E2B240 /* IndividualSubjectAnalyticsGraphCell.swift in Sources */,
				2FC0F30F1F863BA90092BFDC /* TestEngineViewController.swift in Sources */,
				2F9699821FC2AC20001B2B18 /* ContentsTableViewCell.swift in Sources */,
				2F1474791F8B898F0017151B /* QuestionListViewController.swift in Sources */,
				2F3550921F9E39A9001964D6 /* ReviewSlidingViewController.swift in Sources */,
				2FC0F2E21F863AD70092BFDC /* Exam.swift in Sources */,
				2FC0F2DF1F863ACD0092BFDC /* AttemptAnswer.swift in Sources */,
				2F56B73F1FDEADB000E2B240 /* TimeAnalyticsQuestionCell.swift in Sources */,
				2FC0F2E01F863AD00092BFDC /* AttemptQuestion.swift in Sources */,
				2FC0F3031F863B9B0092BFDC /* ExamsTableViewController.swift in Sources */,
				2F48C8181FD50E6D009C686C /* PostDetailViewController.swift in Sources */,
				2FC0F30E1F863BA90092BFDC /* SuccessViewController.swift in Sources */,
				2FC0F3041F863B9E0092BFDC /* ExamsTabViewController.swift in Sources */,
				2F763CFC1FBD79F60033D495 /* CoursesTableViewController.swift in Sources */,
				2F5E0BB91FE2452D00236AFE /* ActivityFeedTableViewCell.swift in Sources */,
				2F763D131FBEE8080033D495 /* ChapterCollectionViewCell.swift in Sources */,
				2FC0F2EF1F863B110092BFDC /* ExamPager.swift in Sources */,
				2F5E0BBB1FE2871900236AFE /* ContentAttempt.swift in Sources */,
				2FC0F2E71F863AE50092BFDC /* TPModelMapper.swift in Sources */,
				2FB049BD1FD839EB0049D5B0 /* ForumTableViewCell.swift in Sources */,
				2F26ADE61E8249D70031E6F4 /* AppDelegate.swift in Sources */,
				2FC0F30A1F863BA90092BFDC /* ReviewQuestionsViewController.swift in Sources */,
				2F515DF81FF3B8050005D8A5 /* KeyboardLayoutConstraint.swift in Sources */,
				2FC0F2E81F863AE80092BFDC /* User.swift in Sources */,
				2F70F4D71F9F1C3300D30755 /* BaseQuestionsListViewController.swift in Sources */,
				2FC0F3101F863BA90092BFDC /* TestReportViewController.swift in Sources */,
				2F48C80D1FD28902009C686C /* PostTableViewCell.swift in Sources */,
				2F9699781FC2A202001B2B18 /* ContentsTableViewController.swift in Sources */,
				2F48C8031FCE9A37009C686C /* CommentPager.swift in Sources */,
				2F936E7E1FDAC128008C353A /* SubjectAnalyticsTabViewController.swift in Sources */,
				2FC0F2DD1F863ABA0092BFDC /* Images.swift in Sources */,
				2FC0F2F81F863B740092BFDC /* LoginViewController.swift in Sources */,
				2FC0F30D1F863BA90092BFDC /* StartExamScreenViewController.swift in Sources */,
				2F763D081FBDB4D30033D495 /* CourseTableViewCell.swift in Sources */,
				2F2866F81FD6BD5800FC6BAA /* PostCreationViewController.swift in Sources */,
				2FC0F3051F863BA90092BFDC /* MoreOptionsViewController.swift in Sources */,
				2F763D061FBDA89C0033D495 /* CoursePager.swift in Sources */,
				2F763CFE1FBD7AE40033D495 /* Course.swift in Sources */,
				2F763D111FBECFD30033D495 /* ChapterPager.swift in Sources */,
				2F515DFE1FF517160005D8A5 /* Permissions.swift in Sources */,
				2F9B5E171FC54AFC00D67100 /* AttachmentDetailViewController.swift in Sources */,
				2FE290701F8CF8E7004D7574 /* BaseWebViewController.swift in Sources */,
				2FC0F2F61F863B2F0092BFDC /* Strings.swift in Sources */,
				2F96997E1FC2A761001B2B18 /* Attachment.swift in Sources */,
				2FC0F3111F863BA90092BFDC /* TPBasePagedTableViewController.swift in Sources */,
				2FC0F2F51F863B2B0092BFDC /* KeychainTokenItem.swift in Sources */,
				2FC0F2DC1F863AB70092BFDC /* Colors.swift in Sources */,
				2FC0F2E11F863AD30092BFDC /* AttemptItem.swift in Sources */,
				2F3A14331FE15E98007CEE84 /* ActivityFeed.swift in Sources */,
				2FC0F3001F863B8F0092BFDC /* ExamsTableViewCell.swift in Sources */,
				2F96997C1FC2A625001B2B18 /* Video.swift in Sources */,
				2F936E801FDAD2B0008C353A /* OverallSubjectAnalyticsViewController.swift in Sources */,
				2FC0F2FC1F863B810092BFDC /* BaseQuestionsPageViewController.swift in Sources */,
				2FC0F2F91F863B780092BFDC /* AttemptsListViewController.swift in Sources */,
				2FC0F3131F863BBD0092BFDC /* FormatDate.swift in Sources */,
				2FC0F2F01F863B130092BFDC /* AttemptPager.swift in Sources */,
				2F515DFC1FF4EF9C0005D8A5 /* FileDetails.swift in Sources */,
				2FC0F3071F863BA90092BFDC /* QuestionsControllerSource.swift in Sources */,
				2FC0F2F41F863B280092BFDC /* Constants.swift in Sources */,
				2F763D0F1FBECBBC0033D495 /* Chapter.swift in Sources */,
				2F56B73D1FDE92CD00E2B240 /* TimeAnalyticsHeaderViewCell.swift in Sources */,
				2FC0F2E41F863ADC0092BFDC /* TPApiResponse.swift in Sources */,
				2F48C8111FD28E7A009C686C /* PostPager.swift in Sources */,
				2F42BDDB1FE9167700F0DF14 /* UIImageViewExtension.swift in Sources */,
				2F3A53031FDA6AE400C64123 /* SubjectPager.swift in Sources */,
				2F515DFA1FF4D12A0005D8A5 /* ImagePicker.swift in Sources */,
				2F56B7351FDD252E00E2B240 /* GraphAxisLabelFormatter.swift in Sources */,
				2FC0F30B1F863BA90092BFDC /* ReviewSolutionsViewController.swift in Sources */,
				2FC0F2DE1F863ACA0092BFDC /* Attempt.swift in Sources */,
				2F96997A1FC2A22A001B2B18 /* Content.swift in Sources */,
				2F2A41C01FD6ACE900B92C6D /* PostsViewController.swift in Sources */,
				2F5E0BB71FE2444E00236AFE /* ActivityFeedTableViewController.swift in Sources */,
				2F6F167D1FC3FE0200FB768C /* HtmlContent.swift in Sources */,
				2F2866FA1FD6C1D600FC6BAA /* UITextViewExtension.swift in Sources */,
				2FC0F3151F863BBD0092BFDC /* WebViewUtils.swift in Sources */,
				2F763D0D1FBEC91D0033D495 /* ChaptersViewController.swift in Sources */,
				2FC0F30C1F863BA90092BFDC /* SignUpViewController.swift in Sources */,
				2F3A53051FDA70DE00C64123 /* IndividualSubjectAnalyticsCountCell.swift in Sources */,
				2F1474751F8B7BF30017151B /* TestEngineSlidingViewController.swift in Sources */,
				2F56B73B1FDE8B3900E2B240 /* TimeAnalyticsTableViewController.swift in Sources */,
				2FC0F2F71F863B6D0092BFDC /* UIUtils.swift in Sources */,
				2F515E021FF61A550005D8A5 /* ImageUploadHelper.swift in Sources */,
				2F9699801FC2A8E0001B2B18 /* ContentPager.swift in Sources */,
				2FD846621FC30E7700D6F016 /* HtmlContentViewController.swift in Sources */,
				2FC0F2FA1F863B7C0092BFDC /* AttemptsTableViewCell.swift in Sources */,
				2F56B7371FDD2F0100E2B240 /* GraphAxisPercentValueFormatter.swift in Sources */,
				2FB049B51FD7D5E50049D5B0 /* ForumTableViewController.swift in Sources */,
				2F70F4D91F9F1F8200D30755 /* ReviewQuestionListViewController.swift in Sources */,
				2F9778A81FEB81BA00ADBBE2 /* TrophiesAchievedViewController.swift in Sources */,
				2F3550901F9E12D2001964D6 /* BaseQuestionsSlidingViewController.swift in Sources */,
				2F3A53011FDA652A00C64123 /* Subject.swift in Sources */,
				2F48C7FF1FCE9750009C686C /* Comment.swift in Sources */,
				2FC0F2FF1F863B8C0092BFDC /* EmptyView.swift in Sources */,
				2F5E0BB51FE2415800236AFE /* ActivityFeedPager.swift in Sources */,
				2F3A52FF1FDA635500C64123 /* IndividualSubjectAnalyticsViewController.swift in Sources */,
				2F48C8131FD3E417009C686C /* Category.swift in Sources */,
				2FC0F2E61F863AE30092BFDC /* TPError.swift in Sources */,
				2FC0F2E31F863ADA0092BFDC /* RegistrationError.swift in Sources */,
				2F3BC8A41FC6A009001A84FF /* ContentExamAttemptsTableViewController.swift in Sources */,
			);
			runOnlyForDeploymentPostprocessing = 0;
		};
		2F26ADF21E8249D70031E6F4 /* Sources */ = {
			isa = PBXSourcesBuildPhase;
			buildActionMask = 2147483647;
			files = (
				2F26ADFB1E8249D70031E6F4 /* ios_appTests.swift in Sources */,
			);
			runOnlyForDeploymentPostprocessing = 0;
		};
/* End PBXSourcesBuildPhase section */

/* Begin PBXTargetDependency section */
		2F26ADF81E8249D70031E6F4 /* PBXTargetDependency */ = {
			isa = PBXTargetDependency;
			target = 2F26ADE11E8249D70031E6F4 /* ios-app */;
			targetProxy = 2F26ADF71E8249D70031E6F4 /* PBXContainerItemProxy */;
		};
/* End PBXTargetDependency section */

/* Begin PBXVariantGroup section */
		2F26ADE91E8249D70031E6F4 /* Main.storyboard */ = {
			isa = PBXVariantGroup;
			children = (
				2F26ADEA1E8249D70031E6F4 /* Base */,
			);
			name = Main.storyboard;
			sourceTree = "<group>";
		};
		2F48C8141FD3F6BD009C686C /* Post.storyboard */ = {
			isa = PBXVariantGroup;
			children = (
				2F48C8151FD3F6BD009C686C /* Base */,
			);
			name = Post.storyboard;
			sourceTree = "<group>";
		};
		2F7179521EC740C6009114C4 /* ExamReview.storyboard */ = {
			isa = PBXVariantGroup;
			children = (
				2F7179531EC740C6009114C4 /* Base */,
			);
			name = ExamReview.storyboard;
			sourceTree = "<group>";
		};
		2F7179541EC740C6009114C4 /* TestEngine.storyboard */ = {
			isa = PBXVariantGroup;
			children = (
				2F9E39911F851A76001D51B2 /* Base */,
			);
			name = TestEngine.storyboard;
			sourceTree = "<group>";
		};
		2F763D091FBEC7260033D495 /* ChapterContent.storyboard */ = {
			isa = PBXVariantGroup;
			children = (
				2F763D0A1FBEC7260033D495 /* Base */,
			);
			name = ChapterContent.storyboard;
			sourceTree = "<group>";
		};
/* End PBXVariantGroup section */

/* Begin XCBuildConfiguration section */
		2F26ADFD1E8249D70031E6F4 /* Debug */ = {
			isa = XCBuildConfiguration;
			buildSettings = {
				ALWAYS_SEARCH_USER_PATHS = NO;
				CLANG_ANALYZER_NONNULL = YES;
				CLANG_CXX_LANGUAGE_STANDARD = "gnu++0x";
				CLANG_CXX_LIBRARY = "libc++";
				CLANG_ENABLE_MODULES = YES;
				CLANG_ENABLE_OBJC_ARC = YES;
				CLANG_WARN_BLOCK_CAPTURE_AUTORELEASING = YES;
				CLANG_WARN_BOOL_CONVERSION = YES;
				CLANG_WARN_COMMA = YES;
				CLANG_WARN_CONSTANT_CONVERSION = YES;
				CLANG_WARN_DIRECT_OBJC_ISA_USAGE = YES_ERROR;
				CLANG_WARN_DOCUMENTATION_COMMENTS = YES;
				CLANG_WARN_EMPTY_BODY = YES;
				CLANG_WARN_ENUM_CONVERSION = YES;
				CLANG_WARN_INFINITE_RECURSION = YES;
				CLANG_WARN_INT_CONVERSION = YES;
				CLANG_WARN_NON_LITERAL_NULL_CONVERSION = YES;
				CLANG_WARN_OBJC_LITERAL_CONVERSION = YES;
				CLANG_WARN_OBJC_ROOT_CLASS = YES_ERROR;
				CLANG_WARN_RANGE_LOOP_ANALYSIS = YES;
				CLANG_WARN_STRICT_PROTOTYPES = YES;
				CLANG_WARN_SUSPICIOUS_MOVE = YES;
				CLANG_WARN_UNREACHABLE_CODE = YES;
				CLANG_WARN__DUPLICATE_METHOD_MATCH = YES;
				"CODE_SIGN_IDENTITY[sdk=iphoneos*]" = "iPhone Developer";
				COPY_PHASE_STRIP = NO;
				DEBUG_INFORMATION_FORMAT = dwarf;
				ENABLE_STRICT_OBJC_MSGSEND = YES;
				ENABLE_TESTABILITY = YES;
				GCC_C_LANGUAGE_STANDARD = gnu99;
				GCC_DYNAMIC_NO_PIC = NO;
				GCC_NO_COMMON_BLOCKS = YES;
				GCC_OPTIMIZATION_LEVEL = 0;
				GCC_PREPROCESSOR_DEFINITIONS = (
					"DEBUG=1",
					"$(inherited)",
				);
				GCC_WARN_64_TO_32_BIT_CONVERSION = YES;
				GCC_WARN_ABOUT_RETURN_TYPE = YES_ERROR;
				GCC_WARN_UNDECLARED_SELECTOR = YES;
				GCC_WARN_UNINITIALIZED_AUTOS = YES_AGGRESSIVE;
				GCC_WARN_UNUSED_FUNCTION = YES;
				GCC_WARN_UNUSED_VARIABLE = YES;
				IPHONEOS_DEPLOYMENT_TARGET = 10.2;
				MTL_ENABLE_DEBUG_INFO = YES;
				ONLY_ACTIVE_ARCH = YES;
				SDKROOT = iphoneos;
				SWIFT_ACTIVE_COMPILATION_CONDITIONS = DEBUG;
				SWIFT_OPTIMIZATION_LEVEL = "-Onone";
				TARGETED_DEVICE_FAMILY = "1,2";
			};
			name = Debug;
		};
		2F26ADFE1E8249D70031E6F4 /* Release */ = {
			isa = XCBuildConfiguration;
			buildSettings = {
				ALWAYS_SEARCH_USER_PATHS = NO;
				CLANG_ANALYZER_NONNULL = YES;
				CLANG_CXX_LANGUAGE_STANDARD = "gnu++0x";
				CLANG_CXX_LIBRARY = "libc++";
				CLANG_ENABLE_MODULES = YES;
				CLANG_ENABLE_OBJC_ARC = YES;
				CLANG_WARN_BLOCK_CAPTURE_AUTORELEASING = YES;
				CLANG_WARN_BOOL_CONVERSION = YES;
				CLANG_WARN_COMMA = YES;
				CLANG_WARN_CONSTANT_CONVERSION = YES;
				CLANG_WARN_DIRECT_OBJC_ISA_USAGE = YES_ERROR;
				CLANG_WARN_DOCUMENTATION_COMMENTS = YES;
				CLANG_WARN_EMPTY_BODY = YES;
				CLANG_WARN_ENUM_CONVERSION = YES;
				CLANG_WARN_INFINITE_RECURSION = YES;
				CLANG_WARN_INT_CONVERSION = YES;
				CLANG_WARN_NON_LITERAL_NULL_CONVERSION = YES;
				CLANG_WARN_OBJC_LITERAL_CONVERSION = YES;
				CLANG_WARN_OBJC_ROOT_CLASS = YES_ERROR;
				CLANG_WARN_RANGE_LOOP_ANALYSIS = YES;
				CLANG_WARN_STRICT_PROTOTYPES = YES;
				CLANG_WARN_SUSPICIOUS_MOVE = YES;
				CLANG_WARN_UNREACHABLE_CODE = YES;
				CLANG_WARN__DUPLICATE_METHOD_MATCH = YES;
				"CODE_SIGN_IDENTITY[sdk=iphoneos*]" = "iPhone Developer";
				COPY_PHASE_STRIP = NO;
				DEBUG_INFORMATION_FORMAT = "dwarf-with-dsym";
				ENABLE_NS_ASSERTIONS = NO;
				ENABLE_STRICT_OBJC_MSGSEND = YES;
				GCC_C_LANGUAGE_STANDARD = gnu99;
				GCC_NO_COMMON_BLOCKS = YES;
				GCC_WARN_64_TO_32_BIT_CONVERSION = YES;
				GCC_WARN_ABOUT_RETURN_TYPE = YES_ERROR;
				GCC_WARN_UNDECLARED_SELECTOR = YES;
				GCC_WARN_UNINITIALIZED_AUTOS = YES_AGGRESSIVE;
				GCC_WARN_UNUSED_FUNCTION = YES;
				GCC_WARN_UNUSED_VARIABLE = YES;
				IPHONEOS_DEPLOYMENT_TARGET = 10.2;
				MTL_ENABLE_DEBUG_INFO = NO;
				SDKROOT = iphoneos;
				SWIFT_OPTIMIZATION_LEVEL = "-Owholemodule";
				TARGETED_DEVICE_FAMILY = "1,2";
				VALIDATE_PRODUCT = YES;
			};
			name = Release;
		};
		2F26AE001E8249D70031E6F4 /* Debug */ = {
			isa = XCBuildConfiguration;
			buildSettings = {
				ASSETCATALOG_COMPILER_APPICON_NAME = AppIcon;
				ASSETCATALOG_COMPILER_LAUNCHIMAGE_NAME = LaunchImage;
				DEVELOPMENT_TEAM = BHAB7LC35Y;
				FRAMEWORK_SEARCH_PATHS = (
					"$(inherited)",
					"$(PROJECT_DIR)/Carthage/Build/iOS",
				);
				INFOPLIST_FILE = "ios-app/Info.plist";
				IPHONEOS_DEPLOYMENT_TARGET = 9.0;
				LD_RUNPATH_SEARCH_PATHS = "$(inherited) @executable_path/Frameworks";
				PRODUCT_BUNDLE_IDENTIFIER = in.testpress.dbmci;
				PRODUCT_NAME = "$(TARGET_NAME)";
				SWIFT_SWIFT3_OBJC_INFERENCE = Default;
				SWIFT_VERSION = 4.0;
			};
			name = Debug;
		};
		2F26AE011E8249D70031E6F4 /* Release */ = {
			isa = XCBuildConfiguration;
			buildSettings = {
				ASSETCATALOG_COMPILER_APPICON_NAME = AppIcon;
				ASSETCATALOG_COMPILER_LAUNCHIMAGE_NAME = LaunchImage;
				DEVELOPMENT_TEAM = BHAB7LC35Y;
				FRAMEWORK_SEARCH_PATHS = (
					"$(inherited)",
					"$(PROJECT_DIR)/Carthage/Build/iOS",
				);
				INFOPLIST_FILE = "ios-app/Info.plist";
				IPHONEOS_DEPLOYMENT_TARGET = 9.0;
				LD_RUNPATH_SEARCH_PATHS = "$(inherited) @executable_path/Frameworks";
				PRODUCT_BUNDLE_IDENTIFIER = in.testpress.dbmci;
				PRODUCT_NAME = "$(TARGET_NAME)";
				SWIFT_SWIFT3_OBJC_INFERENCE = Default;
				SWIFT_VERSION = 4.0;
			};
			name = Release;
		};
		2F26AE031E8249D70031E6F4 /* Debug */ = {
			isa = XCBuildConfiguration;
			buildSettings = {
				ALWAYS_EMBED_SWIFT_STANDARD_LIBRARIES = YES;
				BUNDLE_LOADER = "$(TEST_HOST)";
				INFOPLIST_FILE = "ios-appTests/Info.plist";
				LD_RUNPATH_SEARCH_PATHS = "$(inherited) @executable_path/Frameworks @loader_path/Frameworks";
				PRODUCT_BUNDLE_IDENTIFIER = "in.testpress.ios-appTests";
				PRODUCT_NAME = "$(TARGET_NAME)";
				SWIFT_SWIFT3_OBJC_INFERENCE = Default;
				SWIFT_VERSION = 4.0;
				TEST_HOST = "$(BUILT_PRODUCTS_DIR)/ios-app.app/ios-app";
			};
			name = Debug;
		};
		2F26AE041E8249D70031E6F4 /* Release */ = {
			isa = XCBuildConfiguration;
			buildSettings = {
				ALWAYS_EMBED_SWIFT_STANDARD_LIBRARIES = YES;
				BUNDLE_LOADER = "$(TEST_HOST)";
				INFOPLIST_FILE = "ios-appTests/Info.plist";
				LD_RUNPATH_SEARCH_PATHS = "$(inherited) @executable_path/Frameworks @loader_path/Frameworks";
				PRODUCT_BUNDLE_IDENTIFIER = "in.testpress.ios-appTests";
				PRODUCT_NAME = "$(TARGET_NAME)";
				SWIFT_SWIFT3_OBJC_INFERENCE = Default;
				SWIFT_VERSION = 4.0;
				TEST_HOST = "$(BUILT_PRODUCTS_DIR)/ios-app.app/ios-app";
			};
			name = Release;
		};
/* End XCBuildConfiguration section */

/* Begin XCConfigurationList section */
		2F26ADDD1E8249D70031E6F4 /* Build configuration list for PBXProject "ios-app" */ = {
			isa = XCConfigurationList;
			buildConfigurations = (
				2F26ADFD1E8249D70031E6F4 /* Debug */,
				2F26ADFE1E8249D70031E6F4 /* Release */,
			);
			defaultConfigurationIsVisible = 0;
			defaultConfigurationName = Release;
		};
		2F26ADFF1E8249D70031E6F4 /* Build configuration list for PBXNativeTarget "ios-app" */ = {
			isa = XCConfigurationList;
			buildConfigurations = (
				2F26AE001E8249D70031E6F4 /* Debug */,
				2F26AE011E8249D70031E6F4 /* Release */,
			);
			defaultConfigurationIsVisible = 0;
			defaultConfigurationName = Release;
		};
		2F26AE021E8249D70031E6F4 /* Build configuration list for PBXNativeTarget "ios-appTests" */ = {
			isa = XCConfigurationList;
			buildConfigurations = (
				2F26AE031E8249D70031E6F4 /* Debug */,
				2F26AE041E8249D70031E6F4 /* Release */,
			);
			defaultConfigurationIsVisible = 0;
			defaultConfigurationName = Release;
		};
/* End XCConfigurationList section */
	};
	rootObject = 2F26ADDA1E8249D70031E6F4 /* Project object */;
}
