{
  "pins" : [
    {
      "identity" : "objectmapper",
      "kind" : "remoteSourceControl",
      "location" : "https://github.com/Hearst-DD/ObjectMapper",
      "state" : {
        "revision" : "6021c6035e83a306047348666f6400dc61445d3b",
        "version" : "4.4.3"
      }
    },
    {
      "identity" : "realm-core",
      "kind" : "remoteSourceControl",
      "location" : "https://github.com/realm/realm-core.git",
      "state" : {
        "revision" : "b36f2436c2746c32b1f93dcc06ea8b859671a767",
        "version" : "14.12.1"
      }
    },
    {
      "identity" : "realm-swift",
      "kind" : "remoteSourceControl",
      "location" : "https://github.com/realm/realm-swift/",
      "state" : {
        "revision" : "9b9992d59a5148eb557e6c0445fec05009022c8c",
        "version" : "10.53.1"
      }
    }
  ],
  "version" : 2
}
